// !$*UTF8*$!
{
	archiveVersion = 1;
	classes = {
	};
	objectVersion = 38;
	objects = {
		1504B0E3036BA28000000103 = {
			children = (
				150F2AA2036BA38600000103,
				150F2AA4036BA38600000103,
				150F293A036BA38300000103,
				150F293E036BA38300000103,
				150F293F036BA38300000103,
				150F29B4036BA38400000103,
				150F29B7036BA38400000103,
				150F29C0036BA38400000103,
				150F29EC036BA38400000103,
				150F29F1036BA38400000103,
				150F2A9E036BA38500000103,
				150F2AA5036BA38600000103,
				150F2AB4036BA38600000103,
				150F2B21036BA38600000103,
				150F2B58036BA38700000103,
				150F2B79036BA38700000103,
				150F2B8B036BA38700000103,
				150F2BB1036BA40700000103,
			);
			isa = PBXGroup;
			refType = 4;
		};
		1504B0E5036BA28000000103 = {
			buildRules = (
			);
			buildSettings = {
				COPY_PHASE_STRIP = NO;
			};
			isa = PBXBuildStyle;
			name = Development;
		};
		1504B0E6036BA28000000103 = {
			buildRules = (
			);
			buildSettings = {
				COPY_PHASE_STRIP = YES;
			};
			isa = PBXBuildStyle;
			name = Deployment;
		};
		1504B0E7036BA28000000103 = {
			buildStyles = (
				1504B0E5036BA28000000103,
				1504B0E6036BA28000000103,
			);
			isa = PBXProject;
			mainGroup = 1504B0E3036BA28000000103;
			projectDirPath = "";
			targets = (
				150F2938036BA31700000103,
			);
		};
		150F2938036BA31700000103 = {
			buildArgumentsString = $ACTION;
			buildPhases = (
			);
			buildSettings = {
				OTHER_CFLAGS = "";
				OTHER_LDFLAGS = "";
				OTHER_REZFLAGS = "";
				PRODUCT_NAME = lejos;
				SECTORDER_FLAGS = "";
				WARNING_CFLAGS = "-Wmost -Wno-four-char-constants -Wno-unknown-pragmas";
			};
			buildToolPath = /usr/bin/gnumake;
			dependencies = (
			);
			isa = PBXLegacyTarget;
			name = lejos;
			productName = lejos;
			settingsToExpand = 6;
			settingsToPassInEnvironment = 287;
			settingsToPassOnCommandLine = 280;
			shouldUseHeadermap = 0;
		};
		150F2939036BA38300000103 = {
			fileEncoding = 4;
			isa = PBXFileReference;
			path = ACKNOWLEDGMENTS;
			refType = 4;
		};
		150F293A036BA38300000103 = {
			children = (
				150F293C036BA38300000103,
				150F293D036BA38300000103,
			);
			isa = PBXGroup;
			path = bin;
			refType = 4;
		};
		150F293C036BA38300000103 = {
			fileEncoding = 4;
			isa = PBXFileReference;
			path = LEGAL;
			refType = 4;
		};
		150F293D036BA38300000103 = {
			fileEncoding = 4;
			isa = PBXFileReference;
			path = lejos.srec;
			refType = 4;
		};
		150F293E036BA38300000103 = {
			fileEncoding = 4;
			isa = PBXExecutableFileReference;
			path = cctest.sh;
			refType = 4;
		};
		150F293F036BA38300000103 = {
			children = (
				150F2940036BA38300000103,
				150F2971036BA38400000103,
				150F29A0036BA38400000103,
			);
			isa = PBXGroup;
			path = classes;
			refType = 4;
		};
		150F2940036BA38300000103 = {
			children = (
				150F2941036BA38300000103,
				150F2949036BA38300000103,
				150F2969036BA38400000103,
				150F296B036BA38400000103,
			);
			isa = PBXGroup;
			path = java;
			refType = 4;
		};
		150F2941036BA38300000103 = {
			children = (
				150F2942036BA38300000103,
				150F2943036BA38300000103,
				150F2944036BA38300000103,
				150F2945036BA38300000103,
				150F2946036BA38300000103,
				150F2947036BA38300000103,
				150F2948036BA38300000103,
			);
			isa = PBXGroup;
			path = io;
			refType = 4;
		};
		150F2942036BA38300000103 = {
			fileEncoding = 4;
			isa = PBXFileReference;
			path = DataInputStream.java;
			refType = 4;
		};
		150F2943036BA38300000103 = {
			fileEncoding = 4;
			isa = PBXFileReference;
			path = DataOutputStream.java;
			refType = 4;
		};
		150F2944036BA38300000103 = {
			fileEncoding = 4;
			isa = PBXFileReference;
			path = InputStream.java;
			refType = 4;
		};
		150F2945036BA38300000103 = {
			fileEncoding = 4;
			isa = PBXFileReference;
			path = IOException.java;
			refType = 4;
		};
		150F2946036BA38300000103 = {
			fileEncoding = 4;
			isa = PBXFileReference;
			path = OutputStream.java;
			refType = 4;
		};
		150F2947036BA38300000103 = {
			fileEncoding = 4;
			isa = PBXFileReference;
			path = package.html;
			refType = 4;
		};
		150F2948036BA38300000103 = {
			fileEncoding = 4;
			isa = PBXFileReference;
			path = Serializable.java;
			refType = 4;
		};
		150F2949036BA38300000103 = {
			children = (
				150F294A036BA38300000103,
				150F294B036BA38300000103,
				150F294C036BA38300000103,
				150F294D036BA38300000103,
				150F294E036BA38300000103,
				150F294F036BA38300000103,
				150F2950036BA38300000103,
				150F2951036BA38300000103,
				150F2952036BA38300000103,
				150F2953036BA38300000103,
				150F2954036BA38300000103,
				150F2955036BA38300000103,
				150F2956036BA38300000103,
				150F2957036BA38300000103,
				150F2958036BA38300000103,
				150F2959036BA38300000103,
				150F295A036BA38300000103,
				150F295B036BA38300000103,
				150F295C036BA38300000103,
				150F295D036BA38300000103,
				150F295E036BA38300000103,
				150F295F036BA38300000103,
				150F2960036BA38300000103,
				150F2961036BA38300000103,
				150F2962036BA38300000103,
				150F2963036BA38300000103,
				150F2964036BA38300000103,
				150F2965036BA38300000103,
				150F2966036BA38300000103,
				150F2967036BA38300000103,
				150F2968036BA38300000103,
			);
			isa = PBXGroup;
			path = lang;
			refType = 4;
		};
		150F294A036BA38300000103 = {
			fileEncoding = 4;
			isa = PBXFileReference;
			path = ArithmeticException.java;
			refType = 4;
		};
		150F294B036BA38300000103 = {
			fileEncoding = 4;
			isa = PBXFileReference;
			path = ArrayIndexOutOfBoundsException.java;
			refType = 4;
		};
		150F294C036BA38300000103 = {
			fileEncoding = 4;
			isa = PBXFileReference;
			path = Class.java;
			refType = 4;
		};
		150F294D036BA38300000103 = {
			fileEncoding = 4;
			isa = PBXFileReference;
			path = ClassCastException.java;
			refType = 4;
		};
		150F294E036BA38300000103 = {
			fileEncoding = 4;
			isa = PBXFileReference;
			path = ClassNotFoundException.java;
			refType = 4;
		};
		150F294F036BA38300000103 = {
			fileEncoding = 4;
			isa = PBXFileReference;
			path = Cloneable.java;
			refType = 4;
		};
		150F2950036BA38300000103 = {
			fileEncoding = 4;
			isa = PBXFileReference;
			path = Error.java;
			refType = 4;
		};
		150F2951036BA38300000103 = {
			fileEncoding = 4;
			isa = PBXFileReference;
			path = Exception.java;
			refType = 4;
		};
		150F2952036BA38300000103 = {
			fileEncoding = 4;
			isa = PBXFileReference;
			path = Float.java;
			refType = 4;
		};
		150F2953036BA38300000103 = {
			fileEncoding = 4;
			isa = PBXFileReference;
			path = IllegalArgumentException.java;
			refType = 4;
		};
		150F2954036BA38300000103 = {
			fileEncoding = 4;
			isa = PBXFileReference;
			path = IllegalMonitorStateException.java;
			refType = 4;
		};
		150F2955036BA38300000103 = {
			fileEncoding = 4;
			isa = PBXFileReference;
			path = IllegalStateException.java;
			refType = 4;
		};
		150F2956036BA38300000103 = {
			fileEncoding = 4;
			isa = PBXFileReference;
			path = Integer.java;
			refType = 4;
		};
		150F2957036BA38300000103 = {
			fileEncoding = 4;
			isa = PBXFileReference;
			path = InterruptedException.java;
			refType = 4;
		};
		150F2958036BA38300000103 = {
			fileEncoding = 4;
			isa = PBXFileReference;
			path = Math.java;
			refType = 4;
		};
		150F2959036BA38300000103 = {
			fileEncoding = 4;
			isa = PBXFileReference;
			path = NoClassDefFoundError.java;
			refType = 4;
		};
		150F295A036BA38300000103 = {
			fileEncoding = 4;
			isa = PBXFileReference;
			path = NoSuchMethodError.java;
			refType = 4;
		};
		150F295B036BA38300000103 = {
			fileEncoding = 4;
			isa = PBXFileReference;
			path = NullPointerException.java;
			refType = 4;
		};
		150F295C036BA38300000103 = {
			fileEncoding = 4;
			isa = PBXFileReference;
			path = Object.java;
			refType = 4;
		};
		150F295D036BA38300000103 = {
			fileEncoding = 4;
			isa = PBXFileReference;
			path = OutOfMemoryError.java;
			refType = 4;
		};
		150F295E036BA38300000103 = {
			fileEncoding = 4;
			isa = PBXFileReference;
			path = package.html;
			refType = 4;
		};
		150F295F036BA38300000103 = {
			fileEncoding = 4;
			isa = PBXFileReference;
			path = Runtime.java;
			refType = 4;
		};
		150F2960036BA38300000103 = {
			fileEncoding = 4;
			isa = PBXFileReference;
			path = RuntimeException.java;
			refType = 4;
		};
		150F2961036BA38300000103 = {
			fileEncoding = 4;
			isa = PBXFileReference;
			path = StackOverflowError.java;
			refType = 4;
		};
		150F2962036BA38300000103 = {
			fileEncoding = 4;
			isa = PBXFileReference;
			path = String.java;
			refType = 4;
		};
		150F2963036BA38300000103 = {
			fileEncoding = 4;
			isa = PBXFileReference;
			path = StringBuffer.java;
			refType = 4;
		};
		150F2964036BA38300000103 = {
			fileEncoding = 4;
			isa = PBXFileReference;
			path = StringUtils.java;
			refType = 4;
		};
		150F2965036BA38300000103 = {
			fileEncoding = 4;
			isa = PBXFileReference;
			path = System.java;
			refType = 4;
		};
		150F2966036BA38300000103 = {
			fileEncoding = 4;
			isa = PBXFileReference;
			path = Thread.java;
			refType = 4;
		};
		150F2967036BA38300000103 = {
			fileEncoding = 4;
			isa = PBXFileReference;
			path = ThreadDeath.java;
			refType = 4;
		};
		150F2968036BA38300000103 = {
			fileEncoding = 4;
			isa = PBXFileReference;
			path = Throwable.java;
			refType = 4;
		};
		150F2969036BA38400000103 = {
			children = (
				150F296A036BA38400000103,
			);
			isa = PBXGroup;
			path = net;
			refType = 4;
		};
		150F296A036BA38400000103 = {
			fileEncoding = 4;
			isa = PBXFileReference;
			path = package.html;
			refType = 4;
		};
		150F296B036BA38400000103 = {
			children = (
				150F296C036BA38400000103,
				150F296D036BA38400000103,
				150F296E036BA38400000103,
				150F296F036BA38400000103,
				150F2970036BA38400000103,
			);
			isa = PBXGroup;
			path = util;
			refType = 4;
		};
		150F296C036BA38400000103 = {
			fileEncoding = 4;
			isa = PBXFileReference;
			path = BitSet.java;
			refType = 4;
		};
		150F296D036BA38400000103 = {
			fileEncoding = 4;
			isa = PBXFileReference;
			path = Hashtable.java;
			refType = 4;
		};
		150F296E036BA38400000103 = {
			fileEncoding = 4;
			isa = PBXFileReference;
			path = package.html;
			refType = 4;
		};
		150F296F036BA38400000103 = {
			fileEncoding = 4;
			isa = PBXFileReference;
			path = Random.java;
			refType = 4;
		};
		150F2970036BA38400000103 = {
			fileEncoding = 4;
			isa = PBXFileReference;
			path = Vector.java;
			refType = 4;
		};
		150F2971036BA38400000103 = {
			children = (
				150F2972036BA38400000103,
				150F298F036BA38400000103,
				150F2996036BA38400000103,
			);
			isa = PBXGroup;
			path = josx;
			refType = 4;
		};
		150F2972036BA38400000103 = {
			children = (
				150F2973036BA38400000103,
			);
			isa = PBXGroup;
			path = platform;
			refType = 4;
		};
		150F2973036BA38400000103 = {
			children = (
				150F2974036BA38400000103,
				150F2975036BA38400000103,
				150F2976036BA38400000103,
				150F2977036BA38400000103,
				150F2978036BA38400000103,
				150F2979036BA38400000103,
				150F297A036BA38400000103,
				150F297B036BA38400000103,
				150F297C036BA38400000103,
				150F297D036BA38400000103,
				150F297E036BA38400000103,
				150F297F036BA38400000103,
				150F2980036BA38400000103,
				150F2981036BA38400000103,
				150F2982036BA38400000103,
				150F2983036BA38400000103,
				150F2984036BA38400000103,
				150F2985036BA38400000103,
				150F2986036BA38400000103,
				150F2987036BA38400000103,
				150F2988036BA38400000103,
				150F2989036BA38400000103,
				150F298A036BA38400000103,
				150F298B036BA38400000103,
				150F298C036BA38400000103,
				150F298D036BA38400000103,
				150F298E036BA38400000103,
			);
			isa = PBXGroup;
			path = rcx;
			refType = 4;
		};
		150F2974036BA38400000103 = {
			fileEncoding = 4;
			isa = PBXFileReference;
			path = Battery.java;
			refType = 4;
		};
		150F2975036BA38400000103 = {
			fileEncoding = 4;
			isa = PBXFileReference;
			path = Button.java;
			refType = 4;
		};
		150F2976036BA38400000103 = {
			fileEncoding = 4;
			isa = PBXFileReference;
			path = ButtonListener.java;
			refType = 4;
		};
		150F2977036BA38400000103 = {
			fileEncoding = 4;
			isa = PBXFileReference;
			path = LCD.java;
			refType = 4;
		};
		150F2978036BA38400000103 = {
			fileEncoding = 4;
			isa = PBXFileReference;
			path = LCDConstants.java;
			refType = 4;
		};
		150F2979036BA38400000103 = {
			fileEncoding = 4;
			isa = PBXFileReference;
			path = ListenerCaller.java;
			refType = 4;
		};
		150F297A036BA38400000103 = {
			fileEncoding = 4;
			isa = PBXFileReference;
			path = ListenerThread.java;
			refType = 4;
		};
		150F297B036BA38400000103 = {
			fileEncoding = 4;
			isa = PBXFileReference;
			path = Memory.java;
			refType = 4;
		};
		150F297C036BA38400000103 = {
			fileEncoding = 4;
			isa = PBXFileReference;
			path = MinLCD.java;
			refType = 4;
		};
		150F297D036BA38400000103 = {
			fileEncoding = 4;
			isa = PBXFileReference;
			path = MinSound.java;
			refType = 4;
		};
		150F297E036BA38400000103 = {
			fileEncoding = 4;
			isa = PBXFileReference;
			path = MinuteTimer.java;
			refType = 4;
		};
		150F297F036BA38400000103 = {
			fileEncoding = 4;
			isa = PBXFileReference;
			path = Motor.java;
			refType = 4;
		};
		150F2980036BA38400000103 = {
			fileEncoding = 4;
			isa = PBXFileReference;
			path = Opcode.java;
			refType = 4;
		};
		150F2981036BA38400000103 = {
			fileEncoding = 4;
			isa = PBXFileReference;
			path = package.html;
			refType = 4;
		};
		150F2982036BA38400000103 = {
			fileEncoding = 4;
			isa = PBXFileReference;
			path = PersistentMemoryArea.java;
			refType = 4;
		};
		150F2983036BA38400000103 = {
			fileEncoding = 4;
			isa = PBXFileReference;
			path = Poll.java;
			refType = 4;
		};
		150F2984036BA38400000103 = {
			fileEncoding = 4;
			isa = PBXFileReference;
			path = ProximitySensor.java;
			refType = 4;
		};
		150F2985036BA38400000103 = {
			fileEncoding = 4;
			isa = PBXFileReference;
			path = ROM.java;
			refType = 4;
		};
		150F2986036BA38400000103 = {
			fileEncoding = 4;
			isa = PBXFileReference;
			path = Segment.java;
			refType = 4;
		};
		150F2987036BA38400000103 = {
			fileEncoding = 4;
			isa = PBXFileReference;
			path = Sensor.java;
			refType = 4;
		};
		150F2988036BA38400000103 = {
			fileEncoding = 4;
			isa = PBXFileReference;
			path = SensorConstants.java;
			refType = 4;
		};
		150F2989036BA38400000103 = {
			fileEncoding = 4;
			isa = PBXFileReference;
			path = SensorListener.java;
			refType = 4;
		};
		150F298A036BA38400000103 = {
			fileEncoding = 4;
			isa = PBXFileReference;
			path = Serial.java;
			refType = 4;
		};
		150F298B036BA38400000103 = {
			fileEncoding = 4;
			isa = PBXFileReference;
			path = SerialListener.java;
			refType = 4;
		};
		150F298C036BA38400000103 = {
			fileEncoding = 4;
			isa = PBXFileReference;
			path = Servo.java;
			refType = 4;
		};
		150F298D036BA38400000103 = {
			fileEncoding = 4;
			isa = PBXFileReference;
			path = Sound.java;
			refType = 4;
		};
		150F298E036BA38400000103 = {
			fileEncoding = 4;
			isa = PBXFileReference;
			path = TextLCD.java;
			refType = 4;
		};
		150F298F036BA38400000103 = {
			children = (
				150F2990036BA38400000103,
				150F2991036BA38400000103,
				150F2992036BA38400000103,
				150F2993036BA38400000103,
				150F2994036BA38400000103,
				150F2995036BA38400000103,
			);
			isa = PBXGroup;
			path = robotics;
			refType = 4;
		};
		150F2990036BA38400000103 = {
			fileEncoding = 4;
			isa = PBXFileReference;
			path = Arbitrator.java;
			refType = 4;
		};
		150F2991036BA38400000103 = {
			fileEncoding = 4;
			isa = PBXFileReference;
			path = Behavior.java;
			refType = 4;
		};
		150F2992036BA38400000103 = {
			fileEncoding = 4;
			isa = PBXFileReference;
			path = Navigator.java;
			refType = 4;
		};
		150F2993036BA38400000103 = {
			fileEncoding = 4;
			isa = PBXFileReference;
			path = package.html;
			refType = 4;
		};
		150F2994036BA38400000103 = {
			fileEncoding = 4;
			isa = PBXFileReference;
			path = RotationNavigator.java;
			refType = 4;
		};
		150F2995036BA38400000103 = {
			fileEncoding = 4;
			isa = PBXFileReference;
			path = TimingNavigator.java;
			refType = 4;
		};
		150F2996036BA38400000103 = {
			children = (
				150F2997036BA38400000103,
				150F2998036BA38400000103,
				150F2999036BA38400000103,
				150F299A036BA38400000103,
				150F299B036BA38400000103,
				150F299C036BA38400000103,
				150F299D036BA38400000103,
				150F299E036BA38400000103,
				150F299F036BA38400000103,
			);
			isa = PBXGroup;
			path = util;
			refType = 4;
		};
		150F2997036BA38400000103 = {
			fileEncoding = 4;
			isa = PBXFileReference;
			path = AbstractRecyclable.java;
			refType = 4;
		};
		150F2998036BA38400000103 = {
			fileEncoding = 4;
			isa = PBXFileReference;
			path = ArrayRecycler.java;
			refType = 4;
		};
		150F2999036BA38400000103 = {
			fileEncoding = 4;
			isa = PBXFileReference;
			path = Assertion.java;
			refType = 4;
		};
		150F299A036BA38400000103 = {
			fileEncoding = 4;
			isa = PBXFileReference;
			path = package.html;
			refType = 4;
		};
		150F299B036BA38400000103 = {
			fileEncoding = 4;
			isa = PBXFileReference;
			path = Recyclable.java;
			refType = 4;
		};
		150F299C036BA38400000103 = {
			fileEncoding = 4;
			isa = PBXFileReference;
			path = RecyclableArray.java;
			refType = 4;
		};
		150F299D036BA38400000103 = {
			fileEncoding = 4;
			isa = PBXFileReference;
			path = Recycler.java;
			refType = 4;
		};
		150F299E036BA38400000103 = {
			fileEncoding = 4;
			isa = PBXFileReference;
			path = Timer.java;
			refType = 4;
		};
		150F299F036BA38400000103 = {
			fileEncoding = 4;
			isa = PBXFileReference;
			path = TimerListener.java;
			refType = 4;
		};
		150F29A0036BA38400000103 = {
			children = (
				150F29A1036BA38400000103,
			);
			isa = PBXGroup;
			path = tinyvm;
			refType = 4;
		};
		150F29A1036BA38400000103 = {
			children = (
				150F29A2036BA38400000103,
				150F29A3036BA38400000103,
				150F29A4036BA38400000103,
				150F29A5036BA38400000103,
				150F29A6036BA38400000103,
				150F29A7036BA38400000103,
				150F29A8036BA38400000103,
				150F29A9036BA38400000103,
				150F29AA036BA38400000103,
				150F29AB036BA38400000103,
				150F29AC036BA38400000103,
				150F29AD036BA38400000103,
				150F29AE036BA38400000103,
				150F29AF036BA38400000103,
				150F29B0036BA38400000103,
				150F29B1036BA38400000103,
				150F29B2036BA38400000103,
			);
			isa = PBXGroup;
			path = rcx;
			refType = 4;
		};
		150F29A2036BA38400000103 = {
			fileEncoding = 4;
			isa = PBXFileReference;
			path = Button.java;
			refType = 4;
		};
		150F29A3036BA38400000103 = {
			fileEncoding = 4;
			isa = PBXFileReference;
			path = ButtonListener.java;
			refType = 4;
		};
		150F29A4036BA38400000103 = {
			fileEncoding = 4;
			isa = PBXFileReference;
			path = LCD.java;
			refType = 4;
		};
		150F29A5036BA38400000103 = {
			fileEncoding = 4;
			isa = PBXFileReference;
			path = MinLCD.java;
			refType = 4;
		};
		150F29A6036BA38400000103 = {
			fileEncoding = 4;
			isa = PBXFileReference;
			path = MinSound.java;
			refType = 4;
		};
		150F29A7036BA38400000103 = {
			fileEncoding = 4;
			isa = PBXFileReference;
			path = Motor.java;
			refType = 4;
		};
		150F29A8036BA38400000103 = {
			fileEncoding = 4;
			isa = PBXFileReference;
			path = Native.java;
			refType = 4;
		};
		150F29A9036BA38400000103 = {
			fileEncoding = 4;
			isa = PBXFileReference;
			path = ROM.java;
			refType = 4;
		};
		150F29AA036BA38400000103 = {
			fileEncoding = 4;
			isa = PBXFileReference;
			path = Segment.java;
			refType = 4;
		};
		150F29AB036BA38400000103 = {
			fileEncoding = 4;
			isa = PBXFileReference;
			path = Sensor.java;
			refType = 4;
		};
		150F29AC036BA38400000103 = {
			fileEncoding = 4;
			isa = PBXFileReference;
			path = SensorListener.java;
			refType = 4;
		};
		150F29AD036BA38400000103 = {
			fileEncoding = 4;
			isa = PBXFileReference;
			path = Serial.java;
			refType = 4;
		};
		150F29AE036BA38400000103 = {
			fileEncoding = 4;
			isa = PBXFileReference;
			path = Sound.java;
			refType = 4;
		};
		150F29AF036BA38400000103 = {
			fileEncoding = 4;
			isa = PBXFileReference;
			path = TextLCD.java;
			refType = 4;
		};
		150F29B0036BA38400000103 = {
			fileEncoding = 4;
			isa = PBXFileReference;
			path = Time.java;
			refType = 4;
		};
		150F29B1036BA38400000103 = {
			fileEncoding = 4;
			isa = PBXFileReference;
			path = Timer.java;
			refType = 4;
		};
		150F29B2036BA38400000103 = {
			fileEncoding = 4;
			isa = PBXFileReference;
			path = TimerListener.java;
			refType = 4;
		};
		150F29B3036BA38400000103 = {
			fileEncoding = 4;
			isa = PBXFileReference;
			path = CLICKME.html;
			refType = 4;
		};
		150F29B4036BA38400000103 = {
			children = (
				150F29B5036BA38400000103,
				150F29B6036BA38400000103,
			);
			isa = PBXGroup;
			path = common;
			refType = 4;
		};
		150F29B5036BA38400000103 = {
			fileEncoding = 4;
			isa = PBXFileReference;
			path = classes.db;
			refType = 4;
		};
		150F29B6036BA38400000103 = {
			fileEncoding = 4;
			isa = PBXFileReference;
			path = signatures.db;
			refType = 4;
		};
		150F29B7036BA38400000103 = {
			children = (
				150F29B8036BA38400000103,
				150F29BC036BA38400000103,
				150F29BF036BA38400000103,
			);
			isa = PBXGroup;
			path = docs;
			refType = 4;
		};
		150F29B8036BA38400000103 = {
			children = (
				150F29B9036BA38400000103,
				150F29BA036BA38400000103,
				150F29BB036BA38400000103,
			);
			isa = PBXGroup;
			path = hacking;
			refType = 4;
		};
		150F29B9036BA38400000103 = {
			fileEncoding = 4;
			isa = PBXFileReference;
			path = GUIDELINES;
			refType = 4;
		};
		150F29BA036BA38400000103 = {
			fileEncoding = 4;
			isa = PBXFileReference;
			path = H8300_X_COMPILER;
			refType = 4;
		};
		150F29BB036BA38400000103 = {
			fileEncoding = 4;
			isa = PBXFileReference;
			path = PORTING;
			refType = 4;
		};
		150F29BC036BA38400000103 = {
			children = (
				150F29BD036BA38400000103,
				150F29BE036BA38400000103,
			);
			isa = PBXGroup;
			path = phil_berry;
			refType = 4;
		};
		150F29BD036BA38400000103 = {
			fileEncoding = 4;
			isa = PBXFileReference;
			path = "my-view";
			refType = 4;
		};
		150F29BE036BA38400000103 = {
			fileEncoding = 4;
			isa = PBXFileReference;
			path = "s-record";
			refType = 4;
		};
		150F29BF036BA38400000103 = {
			fileEncoding = 4;
			isa = PBXFileReference;
			path = "Release-HOWTO";
			refType = 4;
		};
		150F29C0036BA38400000103 = {
			children = (
				150F29C1036BA38400000103,
				150F29C6036BA38400000103,
				150F29C9036BA38400000103,
				150F29CC036BA38400000103,
				150F29CF036BA38400000103,
				150F29D1036BA38400000103,
				150F29D3036BA38400000103,
				150F29D5036BA38400000103,
				150F29D9036BA38400000103,
				150F29DC036BA38400000103,
				150F29DF036BA38400000103,
				150F29E2036BA38400000103,
			);
			isa = PBXGroup;
			path = examples;
			refType = 4;
		};
		150F29C1036BA38400000103 = {
			children = (
				150F29C2036BA38400000103,
				150F29C3036BA38400000103,
				150F29C4036BA38400000103,
				150F29C5036BA38400000103,
			);
			isa = PBXGroup;
			path = behavior_control;
			refType = 4;
		};
		150F29C2036BA38400000103 = {
			fileEncoding = 4;
			isa = PBXFileReference;
			path = BatteryLow.java;
			refType = 4;
		};
		150F29C3036BA38400000103 = {
			fileEncoding = 4;
			isa = PBXFileReference;
			path = BehaviorTest.java;
			refType = 4;
		};
		150F29C4036BA38400000103 = {
			fileEncoding = 4;
			isa = PBXFileReference;
			path = DriveForward.java;
			refType = 4;
		};
		150F29C5036BA38400000103 = {
			fileEncoding = 4;
			isa = PBXFileReference;
			path = HitWall.java;
			refType = 4;
		};
		150F29C6036BA38400000103 = {
			children = (
				150F29C7036BA38400000103,
				150F29C8036BA38400000103,
			);
			isa = PBXGroup;
			path = hworld;
			refType = 4;
		};
		150F29C7036BA38400000103 = {
			fileEncoding = 4;
			isa = PBXFileReference;
			path = HelloWorld.java;
			refType = 4;
		};
		150F29C8036BA38400000103 = {
			fileEncoding = 4;
			isa = PBXFileReference;
			path = Makefile;
			refType = 4;
		};
		150F29C9036BA38400000103 = {
			children = (
				150F29CA036BA38400000103,
				150F29CB036BA38400000103,
			);
			isa = PBXGroup;
			path = memory;
			refType = 4;
		};
		150F29CA036BA38400000103 = {
			fileEncoding = 4;
			isa = PBXFileReference;
			path = Makefile;
			refType = 4;
		};
		150F29CB036BA38400000103 = {
			fileEncoding = 4;
			isa = PBXFileReference;
			path = MemoryTest.java;
			refType = 4;
		};
		150F29CC036BA38400000103 = {
			children = (
				150F29CD036BA38400000103,
				150F29CE036BA38400000103,
			);
			isa = PBXGroup;
			path = performance_test;
			refType = 4;
		};
		150F29CD036BA38400000103 = {
			fileEncoding = 4;
			isa = PBXFileReference;
			path = Makefile;
			refType = 4;
		};
		150F29CE036BA38400000103 = {
			fileEncoding = 4;
			isa = PBXFileReference;
			path = PerformanceTest.java;
			refType = 4;
		};
		150F29CF036BA38400000103 = {
			children = (
				150F29D0036BA38400000103,
			);
			isa = PBXGroup;
			path = remotectl;
			refType = 4;
		};
		150F29D0036BA38400000103 = {
			fileEncoding = 4;
			isa = PBXFileReference;
			path = Remote.java;
			refType = 4;
		};
		150F29D1036BA38400000103 = {
			children = (
				150F29D2036BA38400000103,
			);
			isa = PBXGroup;
			path = rotator;
			refType = 4;
		};
		150F29D2036BA38400000103 = {
			fileEncoding = 4;
			isa = PBXFileReference;
			path = Rotator.java;
			refType = 4;
		};
		150F29D3036BA38400000103 = {
			children = (
				150F29D4036BA38400000103,
			);
			isa = PBXGroup;
			path = serial;
			refType = 4;
		};
		150F29D4036BA38400000103 = {
			fileEncoding = 4;
			isa = PBXFileReference;
			path = Receiver.java;
			refType = 4;
		};
		150F29D5036BA38400000103 = {
			children = (
				150F29D6036BA38400000103,
				150F29D7036BA38400000103,
				150F29D8036BA38400000103,
			);
			isa = PBXGroup;
			path = serial2rcx;
			refType = 4;
		};
		150F29D6036BA38400000103 = {
			fileEncoding = 4;
			isa = PBXFileReference;
			path = README;
			refType = 4;
		};
		150F29D7036BA38400000103 = {
			fileEncoding = 4;
			isa = PBXFileReference;
			path = Receiver.java;
			refType = 4;
		};
		150F29D8036BA38400000103 = {
			fileEncoding = 4;
			isa = PBXFileReference;
			path = Sender.java;
			refType = 4;
		};
		150F29D9036BA38400000103 = {
			children = (
				150F29DA036BA38400000103,
				150F29DB036BA38400000103,
			);
			isa = PBXGroup;
			path = serial_listener_test;
			refType = 4;
		};
		150F29DA036BA38400000103 = {
			fileEncoding = 4;
			isa = PBXFileReference;
			path = Makefile;
			refType = 4;
		};
		150F29DB036BA38400000103 = {
			fileEncoding = 4;
			isa = PBXFileReference;
			path = SerialListenerTest.java;
			refType = 4;
		};
		150F29DC036BA38400000103 = {
			children = (
				150F29DD036BA38400000103,
				150F29DE036BA38400000103,
			);
			isa = PBXGroup;
			path = subsumption1;
			refType = 4;
		};
		150F29DD036BA38400000103 = {
			fileEncoding = 4;
			isa = PBXFileReference;
			path = Main.java;
			refType = 4;
		};
		150F29DE036BA38400000103 = {
			fileEncoding = 4;
			isa = PBXFileReference;
			path = Makefile;
			refType = 4;
		};
		150F29DF036BA38400000103 = {
			children = (
				150F29E0036BA38400000103,
				150F29E1036BA38400000103,
			);
			isa = PBXGroup;
			path = subsumption2;
			refType = 4;
		};
		150F29E0036BA38400000103 = {
			fileEncoding = 4;
			isa = PBXFileReference;
			path = Main.java;
			refType = 4;
		};
		150F29E1036BA38400000103 = {
			fileEncoding = 4;
			isa = PBXFileReference;
			path = Makefile;
			refType = 4;
		};
		150F29E2036BA38400000103 = {
			children = (
				150F29E3036BA38400000103,
				150F29E4036BA38400000103,
				150F29E5036BA38400000103,
				150F29E6036BA38400000103,
				150F29E7036BA38400000103,
				150F29E8036BA38400000103,
				150F29E9036BA38400000103,
				150F29EA036BA38400000103,
				150F29EB036BA38400000103,
			);
			isa = PBXGroup;
			path = view;
			refType = 4;
		};
		150F29E3036BA38400000103 = {
			fileEncoding = 4;
			isa = PBXExecutableFileReference;
			path = build.sh;
			refType = 4;
		};
		150F29E4036BA38400000103 = {
			fileEncoding = 4;
			isa = PBXFileReference;
			path = LCDNumber.java;
			refType = 4;
		};
		150F29E5036BA38400000103 = {
			fileEncoding = 4;
			isa = PBXFileReference;
			path = LCDProgramNumber.java;
			refType = 4;
		};
		150F29E6036BA38400000103 = {
			fileEncoding = 4;
			isa = PBXFileReference;
			path = LCDSegment.java;
			refType = 4;
		};
		150F29E7036BA38400000103 = {
			fileEncoding = 4;
			isa = PBXFileReference;
			path = Makefile;
			refType = 4;
		};
		150F29E8036BA38400000103 = {
			fileEncoding = 4;
			isa = PBXFileReference;
			path = MotorView.java;
			refType = 4;
		};
		150F29E9036BA38400000103 = {
			fileEncoding = 4;
			isa = PBXFileReference;
			path = PortView.java;
			refType = 4;
		};
		150F29EA036BA38400000103 = {
			fileEncoding = 4;
			isa = PBXFileReference;
			path = SensorView.java;
			refType = 4;
		};
		150F29EB036BA38400000103 = {
			fileEncoding = 4;
			isa = PBXFileReference;
			path = View.java;
			refType = 4;
		};
		150F29EC036BA38400000103 = {
			children = (
				150F29ED036BA38400000103,
				150F29EE036BA38400000103,
				150F29EF036BA38400000103,
				150F29F0036BA38400000103,
			);
			isa = PBXGroup;
			path = gameboy_impl;
			refType = 4;
		};
		150F29ED036BA38400000103 = {
			fileEncoding = 4;
			isa = PBXFileReference;
			path = main.c;
			refType = 4;
		};
		150F29EE036BA38400000103 = {
			fileEncoding = 4;
			isa = PBXFileReference;
			path = Makefile;
			refType = 4;
		};
		150F29EF036BA38400000103 = {
			fileEncoding = 4;
			isa = PBXFileReference;
			path = native.c;
			refType = 4;
		};
		150F29F0036BA38400000103 = {
			fileEncoding = 4;
			isa = PBXFileReference;
			path = platform_config.h;
			refType = 4;
		};
		150F29F1036BA38400000103 = {
			children = (
				150F29F2036BA38400000103,
			);
			isa = PBXGroup;
			path = jtools;
			refType = 4;
		};
		150F29F2036BA38400000103 = {
			children = (
				150F29F3036BA38400000103,
				150F2A4B036BA38500000103,
				150F2A91036BA38500000103,
			);
			isa = PBXGroup;
			path = js;
			refType = 4;
		};
		150F29F3036BA38400000103 = {
			children = (
				150F29F4036BA38400000103,
				150F29F5036BA38400000103,
				150F29F6036BA38400000103,
				150F29F7036BA38400000103,
				150F29F8036BA38400000103,
				150F29F9036BA38400000103,
				150F29FA036BA38400000103,
				150F29FB036BA38400000103,
				150F29FC036BA38400000103,
				150F29FD036BA38400000103,
				150F29FE036BA38400000103,
				150F29FF036BA38400000103,
				150F2A00036BA38400000103,
				150F2A01036BA38400000103,
				150F2A02036BA38400000103,
				150F2A03036BA38400000103,
				150F2A04036BA38400000103,
				150F2A05036BA38400000103,
				150F2A06036BA38400000103,
				150F2A07036BA38400000103,
				150F2A08036BA38400000103,
				150F2A09036BA38400000103,
				150F2A0A036BA38400000103,
				150F2A0B036BA38400000103,
				150F2A0C036BA38400000103,
				150F2A0D036BA38400000103,
				150F2A0E036BA38400000103,
				150F2A0F036BA38400000103,
				150F2A10036BA38400000103,
				150F2A11036BA38400000103,
				150F2A12036BA38400000103,
				150F2A13036BA38400000103,
				150F2A14036BA38500000103,
				150F2A15036BA38500000103,
				150F2A16036BA38500000103,
				150F2A17036BA38500000103,
				150F2A18036BA38500000103,
				150F2A19036BA38500000103,
				150F2A1A036BA38500000103,
				150F2A1B036BA38500000103,
				150F2A1C036BA38500000103,
				150F2A1D036BA38500000103,
				150F2A1E036BA38500000103,
				150F2A1F036BA38500000103,
				150F2A20036BA38500000103,
			);
			isa = PBXGroup;
			path = classfile;
			refType = 4;
		};
		150F29F4036BA38400000103 = {
			fileEncoding = 4;
			isa = PBXFileReference;
			path = EClassFileFormat.java;
			refType = 4;
		};
		150F29F5036BA38400000103 = {
			fileEncoding = 4;
			isa = PBXFileReference;
			path = EConstantPool.java;
			refType = 4;
		};
		150F29F6036BA38400000103 = {
			fileEncoding = 4;
			isa = PBXFileReference;
			path = EExtraBytes.java;
			refType = 4;
		};
		150F29F7036BA38400000103 = {
			fileEncoding = 4;
			isa = PBXFileReference;
			path = EPolyClassLoader.java;
			refType = 4;
		};
		150F29F8036BA38400000103 = {
			fileEncoding = 4;
			isa = PBXFileReference;
			path = IConstantPool.java;
			refType = 4;
		};
		150F29F9036BA38400000103 = {
			fileEncoding = 4;
			isa = PBXFileReference;
			path = IConstantPoolEntry.java;
			refType = 4;
		};
		150F29FA036BA38400000103 = {
			fileEncoding = 4;
			isa = PBXFileReference;
			path = IConstants.java;
			refType = 4;
		};
		150F29FB036BA38400000103 = {
			fileEncoding = 4;
			isa = PBXFileReference;
			path = IDumpable.java;
			refType = 4;
		};
		150F29FC036BA38400000103 = {
			fileEncoding = 4;
			isa = PBXFileReference;
			path = IVMInstruction.java;
			refType = 4;
		};
		150F29FD036BA38400000103 = {
			fileEncoding = 4;
			isa = PBXFileReference;
			path = JAttribute.java;
			refType = 4;
		};
		150F29FE036BA38400000103 = {
			fileEncoding = 4;
			isa = PBXFileReference;
			path = JAttributeTable.java;
			refType = 4;
		};
		150F29FF036BA38400000103 = {
			fileEncoding = 4;
			isa = PBXFileReference;
			path = JClassFile.java;
			refType = 4;
		};
		150F2A00036BA38400000103 = {
			fileEncoding = 4;
			isa = PBXFileReference;
			path = JClassName.java;
			refType = 4;
		};
		150F2A01036BA38400000103 = {
			fileEncoding = 4;
			isa = PBXFileReference;
			path = JCodeAttribute.java;
			refType = 4;
		};
		150F2A02036BA38400000103 = {
			fileEncoding = 4;
			isa = PBXFileReference;
			path = JComponent.java;
			refType = 4;
		};
		150F2A03036BA38400000103 = {
			fileEncoding = 4;
			isa = PBXFileReference;
			path = JConstantPool.java;
			refType = 4;
		};
		150F2A04036BA38400000103 = {
			fileEncoding = 4;
			isa = PBXFileReference;
			path = JConstantPoolEntry.java;
			refType = 4;
		};
		150F2A05036BA38400000103 = {
			fileEncoding = 4;
			isa = PBXFileReference;
			path = JConstructor.java;
			refType = 4;
		};
		150F2A06036BA38400000103 = {
			fileEncoding = 4;
			isa = PBXFileReference;
			path = JCPE_Class.java;
			refType = 4;
		};
		150F2A07036BA38400000103 = {
			fileEncoding = 4;
			isa = PBXFileReference;
			path = JCPE_Double.java;
			refType = 4;
		};
		150F2A08036BA38400000103 = {
			fileEncoding = 4;
			isa = PBXFileReference;
			path = JCPE_Dummy.java;
			refType = 4;
		};
		150F2A09036BA38400000103 = {
			fileEncoding = 4;
			isa = PBXFileReference;
			path = JCPE_Fieldref.java;
			refType = 4;
		};
		150F2A0A036BA38400000103 = {
			fileEncoding = 4;
			isa = PBXFileReference;
			path = JCPE_Float.java;
			refType = 4;
		};
		150F2A0B036BA38400000103 = {
			fileEncoding = 4;
			isa = PBXFileReference;
			path = JCPE_Integer.java;
			refType = 4;
		};
		150F2A0C036BA38400000103 = {
			fileEncoding = 4;
			isa = PBXFileReference;
			path = JCPE_InterfaceMethodref.java;
			refType = 4;
		};
		150F2A0D036BA38400000103 = {
			fileEncoding = 4;
			isa = PBXFileReference;
			path = JCPE_Long.java;
			refType = 4;
		};
		150F2A0E036BA38400000103 = {
			fileEncoding = 4;
			isa = PBXFileReference;
			path = JCPE_Methodref.java;
			refType = 4;
		};
		150F2A0F036BA38400000103 = {
			fileEncoding = 4;
			isa = PBXFileReference;
			path = JCPE_NameAndType.java;
			refType = 4;
		};
		150F2A10036BA38400000103 = {
			fileEncoding = 4;
			isa = PBXFileReference;
			path = JCPE_NamedEntry.java;
			refType = 4;
		};
		150F2A11036BA38400000103 = {
			fileEncoding = 4;
			isa = PBXFileReference;
			path = JCPE_RefEntry.java;
			refType = 4;
		};
		150F2A12036BA38400000103 = {
			fileEncoding = 4;
			isa = PBXFileReference;
			path = JCPE_String.java;
			refType = 4;
		};
		150F2A13036BA38400000103 = {
			fileEncoding = 4;
			isa = PBXFileReference;
			path = JCPE_Utf8.java;
			refType = 4;
		};
		150F2A14036BA38500000103 = {
			fileEncoding = 4;
			isa = PBXFileReference;
			path = JCP_Index.java;
			refType = 4;
		};
		150F2A15036BA38500000103 = {
			fileEncoding = 4;
			isa = PBXFileReference;
			path = JExcep.java;
			refType = 4;
		};
		150F2A16036BA38500000103 = {
			fileEncoding = 4;
			isa = PBXFileReference;
			path = JExcepTable.java;
			refType = 4;
		};
		150F2A17036BA38500000103 = {
			fileEncoding = 4;
			isa = PBXFileReference;
			path = JField.java;
			refType = 4;
		};
		150F2A18036BA38500000103 = {
			fileEncoding = 4;
			isa = PBXFileReference;
			path = JFieldTable.java;
			refType = 4;
		};
		150F2A19036BA38500000103 = {
			fileEncoding = 4;
			isa = PBXFileReference;
			path = JIndexTable.java;
			refType = 4;
		};
		150F2A1A036BA38500000103 = {
			fileEncoding = 4;
			isa = PBXFileReference;
			path = JIO.java;
			refType = 4;
		};
		150F2A1B036BA38500000103 = {
			fileEncoding = 4;
			isa = PBXFileReference;
			path = JMethod.java;
			refType = 4;
		};
		150F2A1C036BA38500000103 = {
			fileEncoding = 4;
			isa = PBXFileReference;
			path = JMethodTable.java;
			refType = 4;
		};
		150F2A1D036BA38500000103 = {
			fileEncoding = 4;
			isa = PBXFileReference;
			path = JMisc.java;
			refType = 4;
		};
		150F2A1E036BA38500000103 = {
			fileEncoding = 4;
			isa = PBXFileReference;
			path = JStatic.java;
			refType = 4;
		};
		150F2A1F036BA38500000103 = {
			fileEncoding = 4;
			isa = PBXFileReference;
			path = JTable.java;
			refType = 4;
		};
		150F2A20036BA38500000103 = {
			fileEncoding = 4;
			isa = PBXFileReference;
			path = JUtf8.java;
			refType = 4;
		};
		150F2A4B036BA38500000103 = {
			children = (
				150F2A4C036BA38500000103,
				150F2A4D036BA38500000103,
				150F2A4E036BA38500000103,
				150F2A4F036BA38500000103,
				150F2A50036BA38500000103,
				150F2A51036BA38500000103,
				150F2A52036BA38500000103,
				150F2A53036BA38500000103,
				150F2A54036BA38500000103,
				150F2A55036BA38500000103,
				150F2A56036BA38500000103,
				150F2A57036BA38500000103,
				150F2A58036BA38500000103,
				150F2A59036BA38500000103,
				150F2A5A036BA38500000103,
				150F2A5B036BA38500000103,
				150F2A5C036BA38500000103,
				150F2A5D036BA38500000103,
				150F2A5E036BA38500000103,
				150F2A5F036BA38500000103,
				150F2A60036BA38500000103,
				150F2A61036BA38500000103,
				150F2A62036BA38500000103,
				150F2A63036BA38500000103,
				150F2A64036BA38500000103,
				150F2A65036BA38500000103,
				150F2A66036BA38500000103,
				150F2A67036BA38500000103,
				150F2A68036BA38500000103,
				150F2A69036BA38500000103,
				150F2A6A036BA38500000103,
				150F2A6B036BA38500000103,
				150F2A6C036BA38500000103,
			);
			isa = PBXGroup;
			path = tinyvm;
			refType = 4;
		};
		150F2A4C036BA38500000103 = {
			fileEncoding = 4;
			isa = PBXFileReference;
			path = Assertion.java;
			refType = 4;
		};
		150F2A4D036BA38500000103 = {
			fileEncoding = 4;
			isa = PBXFileReference;
			path = BEDataOutputStream.java;
			refType = 4;
		};
		150F2A4E036BA38500000103 = {
			fileEncoding = 4;
			isa = PBXFileReference;
			path = Binary.java;
			refType = 4;
		};
		150F2A4F036BA38500000103 = {
			fileEncoding = 4;
			isa = PBXFileReference;
			path = ByteWriter.java;
			refType = 4;
		};
		150F2A50036BA38500000103 = {
			fileEncoding = 4;
			isa = PBXFileReference;
			path = ClassPath.java;
			refType = 4;
		};
		150F2A51036BA38500000103 = {
			fileEncoding = 4;
			isa = PBXFileReference;
			path = ClassRecord.java;
			refType = 4;
		};
		150F2A52036BA38500000103 = {
			fileEncoding = 4;
			isa = PBXFileReference;
			path = CodeSequence.java;
			refType = 4;
		};
		150F2A53036BA38500000103 = {
			fileEncoding = 4;
			isa = PBXFileReference;
			path = CodeUtilities.java;
			refType = 4;
		};
		150F2A54036BA38500000103 = {
			fileEncoding = 4;
			isa = PBXFileReference;
			path = ConstantRecord.java;
			refType = 4;
		};
		150F2A55036BA38500000103 = {
			fileEncoding = 4;
			isa = PBXFileReference;
			path = Constants.java;
			refType = 4;
		};
		150F2A56036BA38500000103 = {
			fileEncoding = 4;
			isa = PBXFileReference;
			path = ConstantValue.java;
			refType = 4;
		};
		150F2A57036BA38500000103 = {
			fileEncoding = 4;
			isa = PBXFileReference;
			path = EntryClassIndex.java;
			refType = 4;
		};
		150F2A58036BA38500000103 = {
			fileEncoding = 4;
			isa = PBXFileReference;
			path = EnumerableSet.java;
			refType = 4;
		};
		150F2A59036BA38500000103 = {
			fileEncoding = 4;
			isa = PBXFileReference;
			path = ExceptionRecord.java;
			refType = 4;
		};
		150F2A5A036BA38500000103 = {
			fileEncoding = 4;
			isa = PBXFileReference;
			path = GbMerger.java;
			refType = 4;
		};
		150F2A5B036BA38500000103 = {
			fileEncoding = 4;
			isa = PBXFileReference;
			path = HashVector.java;
			refType = 4;
		};
		150F2A5C036BA38500000103 = {
			fileEncoding = 4;
			isa = PBXFileReference;
			path = InstanceFieldRecord.java;
			refType = 4;
		};
		150F2A5D036BA38500000103 = {
			fileEncoding = 4;
			isa = PBXFileReference;
			path = IOUtilities.java;
			refType = 4;
		};
		150F2A5E036BA38500000103 = {
			fileEncoding = 4;
			isa = PBXFileReference;
			path = LEDataOutputStream.java;
			refType = 4;
		};
		150F2A5F036BA38500000103 = {
			fileEncoding = 4;
			isa = PBXFileReference;
			path = MasterRecord.java;
			refType = 4;
		};
		150F2A60036BA38500000103 = {
			fileEncoding = 4;
			isa = PBXFileReference;
			path = MethodRecord.java;
			refType = 4;
		};
		150F2A61036BA38500000103 = {
			fileEncoding = 4;
			isa = PBXFileReference;
			path = OpCodeConstants.java;
			refType = 4;
		};
		150F2A62036BA38500000103 = {
			fileEncoding = 4;
			isa = PBXFileReference;
			path = OpCodeInfo.java;
			refType = 4;
		};
		150F2A63036BA38500000103 = {
			fileEncoding = 4;
			isa = PBXFileReference;
			path = RecordTable.java;
			refType = 4;
		};
		150F2A64036BA38500000103 = {
			fileEncoding = 4;
			isa = PBXFileReference;
			path = Sequence.java;
			refType = 4;
		};
		150F2A65036BA38500000103 = {
			fileEncoding = 4;
			isa = PBXFileReference;
			path = Signature.java;
			refType = 4;
		};
		150F2A66036BA38500000103 = {
			fileEncoding = 4;
			isa = PBXFileReference;
			path = SpecialClassConstants.java;
			refType = 4;
		};
		150F2A67036BA38500000103 = {
			fileEncoding = 4;
			isa = PBXFileReference;
			path = SpecialSignatureConstants.java;
			refType = 4;
		};
		150F2A68036BA38500000103 = {
			fileEncoding = 4;
			isa = PBXFileReference;
			path = StaticFieldRecord.java;
			refType = 4;
		};
		150F2A69036BA38500000103 = {
			fileEncoding = 4;
			isa = PBXFileReference;
			path = StaticValue.java;
			refType = 4;
		};
		150F2A6A036BA38500000103 = {
			fileEncoding = 4;
			isa = PBXFileReference;
			path = TinyVM.java;
			refType = 4;
		};
		150F2A6B036BA38500000103 = {
			fileEncoding = 4;
			isa = PBXFileReference;
			path = WritableData.java;
			refType = 4;
		};
		150F2A6C036BA38500000103 = {
			fileEncoding = 4;
			isa = PBXFileReference;
			path = WritableDataWithOffset.java;
			refType = 4;
		};
		150F2A91036BA38500000103 = {
			children = (
				150F2A92036BA38500000103,
				150F2A93036BA38500000103,
				150F2A94036BA38500000103,
				150F2A95036BA38500000103,
				150F2A96036BA38500000103,
			);
			isa = PBXGroup;
			path = tools;
			refType = 4;
		};
		150F2A92036BA38500000103 = {
			fileEncoding = 4;
			isa = PBXFileReference;
			path = CodePacker.java;
			refType = 4;
		};
		150F2A93036BA38500000103 = {
			fileEncoding = 4;
			isa = PBXFileReference;
			path = GenerateConstants.java;
			refType = 4;
		};
		150F2A94036BA38500000103 = {
			fileEncoding = 4;
			isa = PBXFileReference;
			path = ListReader.java;
			refType = 4;
		};
		150F2A95036BA38500000103 = {
			fileEncoding = 4;
			isa = PBXFileReference;
			path = TestClassDumper.java;
			refType = 4;
		};
		150F2A96036BA38500000103 = {
			fileEncoding = 4;
			isa = PBXFileReference;
			path = TListClasses.java;
			refType = 4;
		};
		150F2A9E036BA38500000103 = {
			children = (
			);
			isa = PBXGroup;
			path = lib;
			refType = 4;
		};
		150F2AA1036BA38600000103 = {
			fileEncoding = 4;
			isa = PBXFileReference;
			path = LICENSE;
			refType = 4;
		};
		150F2AA2036BA38600000103 = {
			fileEncoding = 4;
			isa = PBXFileReference;
			path = Makefile;
			refType = 4;
		};
		150F2AA4036BA38600000103 = {
			fileEncoding = 4;
			isa = PBXFileReference;
			path = Makefile.config.renameme;
			refType = 4;
		};
		150F2AA5036BA38600000103 = {
			children = (
				150F2AA6036BA38600000103,
				150F2AA7036BA38600000103,
				150F2AA8036BA38600000103,
				150F2AA9036BA38600000103,
				150F2AAA036BA38600000103,
				150F2AAB036BA38600000103,
				150F2AAC036BA38600000103,
				150F2AAD036BA38600000103,
				150F2AB0036BA38600000103,
				150F2AB1036BA38600000103,
				150F2AB2036BA38600000103,
				150F2AB3036BA38600000103,
			);
			isa = PBXGroup;
			path = rcx_impl;
			refType = 4;
		};
		150F2AA6036BA38600000103 = {
			fileEncoding = 4;
			isa = PBXFileReference;
			path = llc.c;
			refType = 4;
		};
		150F2AA7036BA38600000103 = {
			fileEncoding = 4;
			isa = PBXFileReference;
			path = llc.h;
			refType = 4;
		};
		150F2AA8036BA38600000103 = {
			fileEncoding = 4;
			isa = PBXFileReference;
			path = main.c;
			refType = 4;
		};
		150F2AA9036BA38600000103 = {
			fileEncoding = 4;
			isa = PBXFileReference;
			path = Makefile;
			refType = 4;
		};
		150F2AAA036BA38600000103 = {
			fileEncoding = 4;
			isa = PBXFileReference;
			path = native.c;
			refType = 4;
		};
		150F2AAB036BA38600000103 = {
			fileEncoding = 4;
			isa = PBXFileReference;
			path = platform_config.h;
			refType = 4;
		};
		150F2AAC036BA38600000103 = {
			fileEncoding = 4;
			isa = PBXFileReference;
			path = platform_hooks.h;
			refType = 4;
		};
		150F2AAD036BA38600000103 = {
			fileEncoding = 4;
			isa = PBXFileReference;
			path = rcx.lds;
			refType = 4;
		};
		150F2AB0036BA38600000103 = {
			fileEncoding = 4;
			isa = PBXFileReference;
			path = sensors.c;
			refType = 4;
		};
		150F2AB1036BA38600000103 = {
			fileEncoding = 4;
			isa = PBXFileReference;
			path = sensors.h;
			refType = 4;
		};
		150F2AB2036BA38600000103 = {
			fileEncoding = 4;
			isa = PBXFileReference;
			path = systime.c;
			refType = 4;
		};
		150F2AB3036BA38600000103 = {
			fileEncoding = 4;
			isa = PBXFileReference;
			path = systime.h;
			refType = 4;
		};
		150F2AB4036BA38600000103 = {
			children = (
				150F2AB5036BA38600000103,
				150F2ACA036BA38600000103,
				150F2ACB036BA38600000103,
				150F2AF3036BA38600000103,
				150F2AF4036BA38600000103,
				150F2AF5036BA38600000103,
				150F2B17036BA38600000103,
				150F2B18036BA38600000103,
			);
			isa = PBXGroup;
			path = rcxcomm;
			refType = 4;
		};
		150F2AB5036BA38600000103 = {
			children = (
				150F2AB6036BA38600000103,
				150F2AC9036BA38600000103,
			);
			isa = PBXGroup;
			path = classes;
			refType = 4;
		};
		150F2AB6036BA38600000103 = {
			children = (
				150F2AB7036BA38600000103,
			);
			isa = PBXGroup;
			path = josx;
			refType = 4;
		};
		150F2AB7036BA38600000103 = {
			children = (
				150F2AB8036BA38600000103,
				150F2AB9036BA38600000103,
				150F2ABA036BA38600000103,
				150F2ABB036BA38600000103,
				150F2ABC036BA38600000103,
				150F2ABD036BA38600000103,
				150F2ABE036BA38600000103,
				150F2ABF036BA38600000103,
				150F2AC0036BA38600000103,
				150F2AC1036BA38600000103,
				150F2AC2036BA38600000103,
				150F2AC3036BA38600000103,
				150F2AC4036BA38600000103,
				150F2AC5036BA38600000103,
				150F2AC6036BA38600000103,
				150F2AC7036BA38600000103,
				150F2AC8036BA38600000103,
			);
			isa = PBXGroup;
			path = rcxcomm;
			refType = 4;
		};
		150F2AB8036BA38600000103 = {
			fileEncoding = 4;
			isa = PBXFileReference;
			path = F7DeliveryHandler.java;
			refType = 4;
		};
		150F2AB9036BA38600000103 = {
			fileEncoding = 4;
			isa = PBXFileReference;
			path = F7Handler.java;
			refType = 4;
		};
		150F2ABA036BA38600000103 = {
			fileEncoding = 4;
			isa = PBXFileReference;
			path = HttpProxy.java;
			refType = 4;
		};
		150F2ABB036BA38600000103 = {
			fileEncoding = 4;
			isa = PBXFileReference;
			path = LLCHandler.java;
			refType = 4;
		};
		150F2ABC036BA38600000103 = {
			fileEncoding = 4;
			isa = PBXFileReference;
			path = LLCReliableHandler.java;
			refType = 4;
		};
		150F2ABD036BA38600000103 = {
			fileEncoding = 4;
			isa = PBXFileReference;
			path = LNPAddressingHandler.java;
			refType = 4;
		};
		150F2ABE036BA38600000103 = {
			fileEncoding = 4;
			isa = PBXFileReference;
			path = LNPHandler.java;
			refType = 4;
		};
		150F2ABF036BA38600000103 = {
			fileEncoding = 4;
			isa = PBXFileReference;
			path = LNPIntegrityHandler.java;
			refType = 4;
		};
		150F2AC0036BA38600000103 = {
			fileEncoding = 4;
			isa = PBXFileReference;
			path = PacketHandler.java;
			refType = 4;
		};
		150F2AC1036BA38600000103 = {
			fileEncoding = 4;
			isa = PBXFileReference;
			path = RCXAbstractPort.java;
			refType = 4;
		};
		150F2AC2036BA38600000103 = {
			fileEncoding = 4;
			isa = PBXFileReference;
			path = RCXBean.java;
			refType = 4;
		};
		150F2AC3036BA38600000103 = {
			fileEncoding = 4;
			isa = PBXFileReference;
			path = RCXF7Port.java;
			refType = 4;
		};
		150F2AC4036BA38600000103 = {
			fileEncoding = 4;
			isa = PBXFileReference;
			path = RCXLNPAddressingPort.java;
			refType = 4;
		};
		150F2AC5036BA38600000103 = {
			fileEncoding = 4;
			isa = PBXFileReference;
			path = RCXLNPPort.java;
			refType = 4;
		};
		150F2AC6036BA38600000103 = {
			fileEncoding = 4;
			isa = PBXFileReference;
			path = RCXPort.java;
			refType = 4;
		};
		150F2AC7036BA38600000103 = {
			fileEncoding = 4;
			isa = PBXFileReference;
			path = SocketProxy.java;
			refType = 4;
		};
		150F2AC8036BA38600000103 = {
			fileEncoding = 4;
			isa = PBXFileReference;
			path = Tower.java;
			refType = 4;
		};
		150F2AC9036BA38600000103 = {
			fileEncoding = 4;
			isa = PBXFileReference;
			path = Makefile;
			refType = 4;
		};
		150F2ACA036BA38600000103 = {
			fileEncoding = 4;
			isa = PBXFileReference;
			path = Connections.txt;
			refType = 4;
		};
		150F2ACB036BA38600000103 = {
			children = (
				150F2ACC036BA38600000103,
				150F2ACF036BA38600000103,
				150F2AD2036BA38600000103,
				150F2AD5036BA38600000103,
				150F2AD9036BA38600000103,
				150F2AE0036BA38600000103,
				150F2AE5036BA38600000103,
				150F2AE8036BA38600000103,
				150F2AEB036BA38600000103,
				150F2AEF036BA38600000103,
			);
			isa = PBXGroup;
			path = examples;
			refType = 4;
		};
		150F2ACC036BA38600000103 = {
			children = (
				150F2ACD036BA38600000103,
				150F2ACE036BA38600000103,
			);
			isa = PBXGroup;
			path = browser;
			refType = 4;
		};
		150F2ACD036BA38600000103 = {
			fileEncoding = 4;
			isa = PBXFileReference;
			path = Browser.java;
			refType = 4;
		};
		150F2ACE036BA38600000103 = {
			fileEncoding = 4;
			isa = PBXFileReference;
			path = README;
			refType = 4;
		};
		150F2ACF036BA38600000103 = {
			children = (
				150F2AD0036BA38600000103,
				150F2AD1036BA38600000103,
			);
			isa = PBXGroup;
			path = f7_sensor_reader;
			refType = 4;
		};
		150F2AD0036BA38600000103 = {
			fileEncoding = 4;
			isa = PBXFileReference;
			path = F7ReadSensor.java;
			refType = 4;
		};
		150F2AD1036BA38600000103 = {
			fileEncoding = 4;
			isa = PBXFileReference;
			path = F7SensorReader.java;
			refType = 4;
		};
		150F2AD2036BA38600000103 = {
			children = (
				150F2AD3036BA38600000103,
				150F2AD4036BA38600000103,
			);
			isa = PBXGroup;
			path = instream;
			refType = 4;
		};
		150F2AD3036BA38600000103 = {
			fileEncoding = 4;
			isa = PBXFileReference;
			path = Read.java;
			refType = 4;
		};
		150F2AD4036BA38600000103 = {
			fileEncoding = 4;
			isa = PBXFileReference;
			path = Write.java;
			refType = 4;
		};
		150F2AD5036BA38600000103 = {
			children = (
				150F2AD6036BA38600000103,
				150F2AD7036BA38600000103,
				150F2AD8036BA38600000103,
			);
			isa = PBXGroup;
			path = llc_sensor_reader;
			refType = 4;
		};
		150F2AD6036BA38600000103 = {
			fileEncoding = 4;
			isa = PBXFileReference;
			path = Readme.txt;
			refType = 4;
		};
		150F2AD7036BA38600000103 = {
			fileEncoding = 4;
			isa = PBXFileReference;
			path = ReadSensor.java;
			refType = 4;
		};
		150F2AD8036BA38600000103 = {
			fileEncoding = 4;
			isa = PBXFileReference;
			path = SensorReader.java;
			refType = 4;
		};
		150F2AD9036BA38600000103 = {
			children = (
				150F2ADA036BA38600000103,
				150F2ADB036BA38600000103,
				150F2ADC036BA38600000103,
				150F2ADD036BA38600000103,
				150F2ADE036BA38600000103,
				150F2ADF036BA38600000103,
			);
			isa = PBXGroup;
			path = lnpaddr_sensor_reader;
			refType = 4;
		};
		150F2ADA036BA38600000103 = {
			fileEncoding = 4;
			isa = PBXFileReference;
			path = LNPAddrReadSensor.java;
			refType = 4;
		};
		150F2ADB036BA38600000103 = {
			fileEncoding = 4;
			isa = PBXFileReference;
			path = LNPAddrSensorReader.java;
			refType = 4;
		};
		150F2ADC036BA38600000103 = {
			fileEncoding = 4;
			isa = PBXFileReference;
			path = lnpaddrtest.c;
			refType = 4;
		};
		150F2ADD036BA38600000103 = {
			fileEncoding = 4;
			isa = PBXFileReference;
			path = Makefile;
			refType = 4;
		};
		150F2ADE036BA38600000103 = {
			fileEncoding = 4;
			isa = PBXFileReference;
			path = Readme.txt;
			refType = 4;
		};
		150F2ADF036BA38600000103 = {
			fileEncoding = 4;
			isa = PBXExecutableFileReference;
			path = run.sh;
			refType = 4;
		};
		150F2AE0036BA38600000103 = {
			children = (
				150F2AE1036BA38600000103,
				150F2AE2036BA38600000103,
				150F2AE3036BA38600000103,
				150F2AE4036BA38600000103,
			);
			isa = PBXGroup;
			path = lnp_sensor_reader;
			refType = 4;
		};
		150F2AE1036BA38600000103 = {
			fileEncoding = 4;
			isa = PBXFileReference;
			path = LNPReadSensor.java;
			refType = 4;
		};
		150F2AE2036BA38600000103 = {
			fileEncoding = 4;
			isa = PBXFileReference;
			path = LNPSensorReader.java;
			refType = 4;
		};
		150F2AE3036BA38600000103 = {
			fileEncoding = 4;
			isa = PBXFileReference;
			path = lnptest.c;
			refType = 4;
		};
		150F2AE4036BA38600000103 = {
			fileEncoding = 4;
			isa = PBXFileReference;
			path = Readme.txt;
			refType = 4;
		};
		150F2AE5036BA38600000103 = {
			children = (
				150F2AE6036BA38600000103,
				150F2AE7036BA38600000103,
			);
			isa = PBXGroup;
			path = outstream;
			refType = 4;
		};
		150F2AE6036BA38600000103 = {
			fileEncoding = 4;
			isa = PBXFileReference;
			path = Read.java;
			refType = 4;
		};
		150F2AE7036BA38600000103 = {
			fileEncoding = 4;
			isa = PBXFileReference;
			path = Write.java;
			refType = 4;
		};
		150F2AE8036BA38600000103 = {
			children = (
				150F2AE9036BA38600000103,
				150F2AEA036BA38600000103,
			);
			isa = PBXGroup;
			path = read_write_int;
			refType = 4;
		};
		150F2AE9036BA38600000103 = {
			fileEncoding = 4;
			isa = PBXFileReference;
			path = ReadInt.java;
			refType = 4;
		};
		150F2AEA036BA38600000103 = {
			fileEncoding = 4;
			isa = PBXFileReference;
			path = WriteInt.java;
			refType = 4;
		};
		150F2AEB036BA38600000103 = {
			children = (
				150F2AEC036BA38600000103,
				150F2AED036BA38600000103,
				150F2AEE036BA38600000103,
			);
			isa = PBXGroup;
			path = sensor_reader;
			refType = 4;
		};
		150F2AEC036BA38600000103 = {
			fileEncoding = 4;
			isa = PBXFileReference;
			path = readme.txt;
			refType = 4;
		};
		150F2AED036BA38600000103 = {
			fileEncoding = 4;
			isa = PBXFileReference;
			path = read_sensor.jsp;
			refType = 4;
		};
		150F2AEE036BA38600000103 = {
			fileEncoding = 4;
			isa = PBXFileReference;
			path = SensorReader.java;
			refType = 4;
		};
		150F2AEF036BA38600000103 = {
			children = (
				150F2AF0036BA38600000103,
				150F2AF1036BA38600000103,
				150F2AF2036BA38600000103,
			);
			isa = PBXGroup;
			path = servlet;
			refType = 4;
		};
		150F2AF0036BA38600000103 = {
			fileEncoding = 4;
			isa = PBXFileReference;
			path = ExampleServlet.java;
			refType = 4;
		};
		150F2AF1036BA38600000103 = {
			fileEncoding = 4;
			isa = PBXFileReference;
			path = README;
			refType = 4;
		};
		150F2AF2036BA38600000103 = {
			fileEncoding = 4;
			isa = PBXFileReference;
			path = SensorServlet.java;
			refType = 4;
		};
		150F2AF3036BA38600000103 = {
			fileEncoding = 4;
			isa = PBXFileReference;
			path = Makefile;
			refType = 4;
		};
		150F2AF4036BA38600000103 = {
			fileEncoding = 4;
			isa = PBXFileReference;
			path = ProtocolStacks.Readme;
			refType = 4;
		};
		150F2AF5036BA38600000103 = {
			children = (
				150F2AF6036BA38600000103,
				150F2AFC036BA38600000103,
				150F2B03036BA38600000103,
				150F2B16036BA38600000103,
			);
			isa = PBXGroup;
			path = rcxclasses;
			refType = 4;
		};
		150F2AF6036BA38600000103 = {
			children = (
				150F2AF7036BA38600000103,
			);
			isa = PBXGroup;
			path = java;
			refType = 4;
		};
		150F2AF7036BA38600000103 = {
			children = (
				150F2AF8036BA38600000103,
				150F2AF9036BA38600000103,
				150F2AFA036BA38600000103,
				150F2AFB036BA38600000103,
			);
			isa = PBXGroup;
			path = net;
			refType = 4;
		};
		150F2AF8036BA38600000103 = {
			fileEncoding = 4;
			isa = PBXFileReference;
			path = MalformedURLException.java;
			refType = 4;
		};
		150F2AF9036BA38600000103 = {
			fileEncoding = 4;
			isa = PBXFileReference;
			path = Socket.java;
			refType = 4;
		};
		150F2AFA036BA38600000103 = {
			fileEncoding = 4;
			isa = PBXFileReference;
			path = URL.java;
			refType = 4;
		};
		150F2AFB036BA38600000103 = {
			fileEncoding = 4;
			isa = PBXFileReference;
			path = URLConnection.java;
			refType = 4;
		};
		150F2AFC036BA38600000103 = {
			children = (
				150F2AFD036BA38600000103,
			);
			isa = PBXGroup;
			path = javax;
			refType = 4;
		};
		150F2AFD036BA38600000103 = {
			children = (
				150F2AFE036BA38600000103,
			);
			isa = PBXGroup;
			path = servlet;
			refType = 4;
		};
		150F2AFE036BA38600000103 = {
			children = (
				150F2AFF036BA38600000103,
				150F2B00036BA38600000103,
				150F2B01036BA38600000103,
				150F2B02036BA38600000103,
			);
			isa = PBXGroup;
			path = http;
			refType = 4;
		};
		150F2AFF036BA38600000103 = {
			fileEncoding = 4;
			isa = PBXFileReference;
			path = HttpServlet.java;
			refType = 4;
		};
		150F2B00036BA38600000103 = {
			fileEncoding = 4;
			isa = PBXFileReference;
			path = HttpServletRequest.java;
			refType = 4;
		};
		150F2B01036BA38600000103 = {
			fileEncoding = 4;
			isa = PBXFileReference;
			path = HttpServletResponse.java;
			refType = 4;
		};
		150F2B02036BA38600000103 = {
			fileEncoding = 4;
			isa = PBXFileReference;
			path = package.html;
			refType = 4;
		};
		150F2B03036BA38600000103 = {
			children = (
				150F2B04036BA38600000103,
			);
			isa = PBXGroup;
			path = josx;
			refType = 4;
		};
		150F2B04036BA38600000103 = {
			children = (
				150F2B05036BA38600000103,
				150F2B06036BA38600000103,
				150F2B07036BA38600000103,
				150F2B08036BA38600000103,
				150F2B09036BA38600000103,
				150F2B0A036BA38600000103,
				150F2B0B036BA38600000103,
				150F2B0C036BA38600000103,
				150F2B0D036BA38600000103,
				150F2B0E036BA38600000103,
				150F2B0F036BA38600000103,
				150F2B10036BA38600000103,
				150F2B11036BA38600000103,
				150F2B12036BA38600000103,
				150F2B13036BA38600000103,
				150F2B14036BA38600000103,
				150F2B15036BA38600000103,
			);
			isa = PBXGroup;
			path = rcxcomm;
			refType = 4;
		};
		150F2B05036BA38600000103 = {
			fileEncoding = 4;
			isa = PBXFileReference;
			path = F7DeliveryHandler.java;
			refType = 4;
		};
		150F2B06036BA38600000103 = {
			fileEncoding = 4;
			isa = PBXFileReference;
			path = F7Handler.java;
			refType = 4;
		};
		150F2B07036BA38600000103 = {
			fileEncoding = 4;
			isa = PBXFileReference;
			path = LLC.java;
			refType = 4;
		};
		150F2B08036BA38600000103 = {
			fileEncoding = 4;
			isa = PBXFileReference;
			path = LLCHandler.java;
			refType = 4;
		};
		150F2B09036BA38600000103 = {
			fileEncoding = 4;
			isa = PBXFileReference;
			path = LLCReliableHandler.java;
			refType = 4;
		};
		150F2B0A036BA38600000103 = {
			fileEncoding = 4;
			isa = PBXFileReference;
			path = LNPAddressingHandler.java;
			refType = 4;
		};
		150F2B0B036BA38600000103 = {
			fileEncoding = 4;
			isa = PBXFileReference;
			path = LNPHandler.java;
			refType = 4;
		};
		150F2B0C036BA38600000103 = {
			fileEncoding = 4;
			isa = PBXFileReference;
			path = LNPIntegrityHandler.java;
			refType = 4;
		};
		150F2B0D036BA38600000103 = {
			fileEncoding = 4;
			isa = PBXFileReference;
			path = package.html;
			refType = 4;
		};
		150F2B0E036BA38600000103 = {
			fileEncoding = 4;
			isa = PBXFileReference;
			path = PacketHandler.java;
			refType = 4;
		};
		150F2B0F036BA38600000103 = {
			fileEncoding = 4;
			isa = PBXFileReference;
			path = RCXAbstractPort.java;
			refType = 4;
		};
		150F2B10036BA38600000103 = {
			fileEncoding = 4;
			isa = PBXFileReference;
			path = RCXF7Port.java;
			refType = 4;
		};
		150F2B11036BA38600000103 = {
			fileEncoding = 4;
			isa = PBXFileReference;
			path = RCXInputStream.java;
			refType = 4;
		};
		150F2B12036BA38600000103 = {
			fileEncoding = 4;
			isa = PBXFileReference;
			path = RCXLNPAddressingPort.java;
			refType = 4;
		};
		150F2B13036BA38600000103 = {
			fileEncoding = 4;
			isa = PBXFileReference;
			path = RCXLNPPort.java;
			refType = 4;
		};
		150F2B14036BA38600000103 = {
			fileEncoding = 4;
			isa = PBXFileReference;
			path = RCXOutputStream.java;
			refType = 4;
		};
		150F2B15036BA38600000103 = {
			fileEncoding = 4;
			isa = PBXFileReference;
			path = RCXPort.java;
			refType = 4;
		};
		150F2B16036BA38600000103 = {
			fileEncoding = 4;
			isa = PBXFileReference;
			path = Makefile;
			refType = 4;
		};
		150F2B17036BA38600000103 = {
			fileEncoding = 4;
			isa = PBXFileReference;
			path = README;
			refType = 4;
		};
		150F2B18036BA38600000103 = {
			children = (
				150F2B19036BA38600000103,
				150F2B1A036BA38600000103,
				150F2B1B036BA38600000103,
				150F2B1C036BA38600000103,
				150F2B1D036BA38600000103,
				150F2B1E036BA38600000103,
			);
			isa = PBXGroup;
			path = src;
			refType = 4;
		};
		150F2B19036BA38600000103 = {
			fileEncoding = 4;
			isa = PBXFileReference;
			path = irtower.cpp;
			refType = 4;
		};
		150F2B1A036BA38600000103 = {
			fileEncoding = 4;
			isa = PBXFileReference;
			path = irtower.def;
			refType = 4;
		};
		150F2B1B036BA38600000103 = {
			fileEncoding = 4;
			isa = PBXFileReference;
			path = josx_rcxcomm_Tower.h;
			refType = 4;
		};
		150F2B1C036BA38600000103 = {
			fileEncoding = 4;
			isa = PBXFileReference;
			path = Makefile;
			refType = 4;
		};
		150F2B1D036BA38600000103 = {
			fileEncoding = 4;
			isa = PBXFileReference;
			path = rcx_comm.cpp;
			refType = 4;
		};
		150F2B1E036BA38600000103 = {
			fileEncoding = 4;
			isa = PBXFileReference;
			path = rcx_comm.h;
			refType = 4;
		};
		150F2B1F036BA38600000103 = {
			fileEncoding = 4;
			isa = PBXFileReference;
			path = README;
			refType = 4;
		};
		150F2B20036BA38600000103 = {
			fileEncoding = 4;
			isa = PBXFileReference;
			path = README.OSX;
			refType = 4;
		};
		150F2B21036BA38600000103 = {
			children = (
				150F2B22036BA38600000103,
				150F2B23036BA38600000103,
				150F2B24036BA38600000103,
				150F2B25036BA38600000103,
				150F2B26036BA38600000103,
				150F2B27036BA38600000103,
				150F2B28036BA38600000103,
				150F2B29036BA38600000103,
				150F2B2A036BA38600000103,
				150F2B2B036BA38600000103,
				150F2B2C036BA38600000103,
				150F2B2D036BA38600000103,
				150F2B2E036BA38600000103,
				150F2B2F036BA38600000103,
				150F2B30036BA38600000103,
				150F2B31036BA38600000103,
				150F2B32036BA38600000103,
				150F2B33036BA38600000103,
				150F2B34036BA38600000103,
				150F2B35036BA38600000103,
				150F2B36036BA38600000103,
				150F2B37036BA38600000103,
				150F2B38036BA38600000103,
				150F2B39036BA38700000103,
				150F2B3A036BA38700000103,
				150F2B3B036BA38700000103,
				150F2B3C036BA38700000103,
				150F2B3D036BA38700000103,
				150F2B3E036BA38700000103,
				150F2B3F036BA38700000103,
				150F2B40036BA38700000103,
				150F2B41036BA38700000103,
				150F2B42036BA38700000103,
				150F2B43036BA38700000103,
				150F2B44036BA38700000103,
				150F2B45036BA38700000103,
				150F2B46036BA38700000103,
				150F2B47036BA38700000103,
				150F2B48036BA38700000103,
				150F2B49036BA38700000103,
				150F2B4A036BA38700000103,
				150F2B4B036BA38700000103,
				150F2B4C036BA38700000103,
				150F2B4D036BA38700000103,
				150F2B4E036BA38700000103,
				150F2B4F036BA38700000103,
				150F2B50036BA38700000103,
				150F2B51036BA38700000103,
				150F2B52036BA38700000103,
				150F2B53036BA38700000103,
				150F2B54036BA38700000103,
				150F2B55036BA38700000103,
			);
			isa = PBXGroup;
			path = regression;
			refType = 4;
		};
		150F2B22036BA38600000103 = {
			fileEncoding = 4;
			isa = PBXFileReference;
			path = PriorityInversion.java;
			refType = 4;
		};
		150F2B23036BA38600000103 = {
			fileEncoding = 4;
			isa = PBXFileReference;
			path = regression.gold;
			refType = 4;
		};
		150F2B24036BA38600000103 = {
			fileEncoding = 4;
			isa = PBXExecutableFileReference;
			path = "run-in-rcx-01.sh";
			refType = 4;
		};
		150F2B25036BA38600000103 = {
			fileEncoding = 4;
			isa = PBXExecutableFileReference;
			path = "run-in-rcx-02.sh";
			refType = 4;
		};
		150F2B26036BA38600000103 = {
			fileEncoding = 4;
			isa = PBXExecutableFileReference;
			path = "run-in-rcx-03.sh";
			refType = 4;
		};
		150F2B27036BA38600000103 = {
			fileEncoding = 4;
			isa = PBXExecutableFileReference;
			path = "run-in-rcx.sh";
			refType = 4;
		};
		150F2B28036BA38600000103 = {
			fileEncoding = 4;
			isa = PBXExecutableFileReference;
			path = run.sh;
			refType = 4;
		};
		150F2B29036BA38600000103 = {
			fileEncoding = 4;
			isa = PBXExecutableFileReference;
			path = run1.sh;
			refType = 4;
		};
		150F2B2A036BA38600000103 = {
			fileEncoding = 4;
			isa = PBXFileReference;
			path = Test00.java;
			refType = 4;
		};
		150F2B2B036BA38600000103 = {
			fileEncoding = 4;
			isa = PBXFileReference;
			path = Test04.java;
			refType = 4;
		};
		150F2B2C036BA38600000103 = {
			fileEncoding = 4;
			isa = PBXFileReference;
			path = Test05.java;
			refType = 4;
		};
		150F2B2D036BA38600000103 = {
			fileEncoding = 4;
			isa = PBXFileReference;
			path = Test06.java;
			refType = 4;
		};
		150F2B2E036BA38600000103 = {
			fileEncoding = 4;
			isa = PBXFileReference;
			path = Test07.java;
			refType = 4;
		};
		150F2B2F036BA38600000103 = {
			fileEncoding = 4;
			isa = PBXFileReference;
			path = Test08.java;
			refType = 4;
		};
		150F2B30036BA38600000103 = {
			fileEncoding = 4;
			isa = PBXFileReference;
			path = Test09.java;
			refType = 4;
		};
		150F2B31036BA38600000103 = {
			fileEncoding = 4;
			isa = PBXFileReference;
			path = Test10.java;
			refType = 4;
		};
		150F2B32036BA38600000103 = {
			fileEncoding = 4;
			isa = PBXFileReference;
			path = Test11.java;
			refType = 4;
		};
		150F2B33036BA38600000103 = {
			fileEncoding = 4;
			isa = PBXFileReference;
			path = Test12.java;
			refType = 4;
		};
		150F2B34036BA38600000103 = {
			fileEncoding = 4;
			isa = PBXFileReference;
			path = Test13.java;
			refType = 4;
		};
		150F2B35036BA38600000103 = {
			fileEncoding = 4;
			isa = PBXFileReference;
			path = Test14.java;
			refType = 4;
		};
		150F2B36036BA38600000103 = {
			fileEncoding = 4;
			isa = PBXFileReference;
			path = Test15.java;
			refType = 4;
		};
		150F2B37036BA38600000103 = {
			fileEncoding = 4;
			isa = PBXFileReference;
			path = Test16.java;
			refType = 4;
		};
		150F2B38036BA38600000103 = {
			fileEncoding = 4;
			isa = PBXFileReference;
			path = Test17.java;
			refType = 4;
		};
		150F2B39036BA38700000103 = {
			fileEncoding = 4;
			isa = PBXFileReference;
			path = Test18.java;
			refType = 4;
		};
		150F2B3A036BA38700000103 = {
			fileEncoding = 4;
			isa = PBXFileReference;
			path = Test19.java;
			refType = 4;
		};
		150F2B3B036BA38700000103 = {
			fileEncoding = 4;
			isa = PBXFileReference;
			path = Test20.java;
			refType = 4;
		};
		150F2B3C036BA38700000103 = {
			fileEncoding = 4;
			isa = PBXFileReference;
			path = Test21.java;
			refType = 4;
		};
		150F2B3D036BA38700000103 = {
			fileEncoding = 4;
			isa = PBXFileReference;
			path = Test22.java;
			refType = 4;
		};
		150F2B3E036BA38700000103 = {
			fileEncoding = 4;
			isa = PBXFileReference;
			path = Test23.java;
			refType = 4;
		};
		150F2B3F036BA38700000103 = {
			fileEncoding = 4;
			isa = PBXFileReference;
			path = Test24.java;
			refType = 4;
		};
		150F2B40036BA38700000103 = {
			fileEncoding = 4;
			isa = PBXFileReference;
			path = Test25.java;
			refType = 4;
		};
		150F2B41036BA38700000103 = {
			fileEncoding = 4;
			isa = PBXFileReference;
			path = Test26.java;
			refType = 4;
		};
		150F2B42036BA38700000103 = {
			fileEncoding = 4;
			isa = PBXFileReference;
			path = Test27.java;
			refType = 4;
		};
		150F2B43036BA38700000103 = {
			fileEncoding = 4;
			isa = PBXFileReference;
			path = Test28.java;
			refType = 4;
		};
		150F2B44036BA38700000103 = {
			fileEncoding = 4;
			isa = PBXFileReference;
			path = Test29.java;
			refType = 4;
		};
		150F2B45036BA38700000103 = {
			fileEncoding = 4;
			isa = PBXFileReference;
			path = Test30.java;
			refType = 4;
		};
		150F2B46036BA38700000103 = {
			fileEncoding = 4;
			isa = PBXFileReference;
			path = Test31.java;
			refType = 4;
		};
		150F2B47036BA38700000103 = {
			fileEncoding = 4;
			isa = PBXFileReference;
			path = Test32.java;
			refType = 4;
		};
		150F2B48036BA38700000103 = {
			fileEncoding = 4;
			isa = PBXFileReference;
			path = Test33.java;
			refType = 4;
		};
		150F2B49036BA38700000103 = {
			fileEncoding = 4;
			isa = PBXFileReference;
			path = Test34.java;
			refType = 4;
		};
		150F2B4A036BA38700000103 = {
			fileEncoding = 4;
			isa = PBXFileReference;
			path = Test35.java;
			refType = 4;
		};
		150F2B4B036BA38700000103 = {
			fileEncoding = 4;
			isa = PBXFileReference;
			path = Test36.java;
			refType = 4;
		};
		150F2B4C036BA38700000103 = {
			fileEncoding = 4;
			isa = PBXFileReference;
			path = Test37.java;
			refType = 4;
		};
		150F2B4D036BA38700000103 = {
			fileEncoding = 4;
			isa = PBXFileReference;
			path = Test38.java;
			refType = 4;
		};
		150F2B4E036BA38700000103 = {
			fileEncoding = 4;
			isa = PBXFileReference;
			path = TestDaemon.java;
			refType = 4;
		};
		150F2B4F036BA38700000103 = {
			fileEncoding = 4;
			isa = PBXFileReference;
			path = TestFloatToIntBits.java;
			refType = 4;
		};
		150F2B50036BA38700000103 = {
			fileEncoding = 4;
			isa = PBXFileReference;
			path = TestMonitor.java;
			refType = 4;
		};
		150F2B51036BA38700000103 = {
			fileEncoding = 4;
			isa = PBXFileReference;
			path = TestNat.java;
			refType = 4;
		};
		150F2B52036BA38700000103 = {
			fileEncoding = 4;
			isa = PBXFileReference;
			path = TestPriorities.java;
			refType = 4;
		};
		150F2B53036BA38700000103 = {
			fileEncoding = 4;
			isa = PBXFileReference;
			path = TestRuntime.java;
			refType = 4;
		};
		150F2B54036BA38700000103 = {
			fileEncoding = 4;
			isa = PBXFileReference;
			path = TestStringBuffer.java;
			refType = 4;
		};
		150F2B55036BA38700000103 = {
			fileEncoding = 4;
			isa = PBXFileReference;
			path = TestThreadState.java;
			refType = 4;
		};
		150F2B56036BA38700000103 = {
			fileEncoding = 4;
			isa = PBXFileReference;
			path = RELEASENOTES;
			refType = 4;
		};
		150F2B57036BA38700000103 = {
			fileEncoding = 4;
			isa = PBXFileReference;
			path = TODO;
			refType = 4;
		};
		150F2B58036BA38700000103 = {
			children = (
				150F2B59036BA38700000103,
				150F2B71036BA38700000103,
				150F2B72036BA38700000103,
				150F2B73036BA38700000103,
				150F2B74036BA38700000103,
				150F2B75036BA38700000103,
				150F2B76036BA38700000103,
				150F2B77036BA38700000103,
				150F2B78036BA38700000103,
			);
			isa = PBXGroup;
			path = tools;
			refType = 4;
		};
		150F2B59036BA38700000103 = {
			children = (
				150F2B5A036BA38700000103,
				150F2B5B036BA38700000103,
				150F2B5C036BA38700000103,
				150F2B5D036BA38700000103,
				150F2B5E036BA38700000103,
				150F2B5F036BA38700000103,
				150F2B60036BA38700000103,
				150F2B61036BA38700000103,
				150F2B62036BA38700000103,
				150F2B63036BA38700000103,
				150F2B64036BA38700000103,
				150F2B65036BA38700000103,
				150F2B66036BA38700000103,
				150F2B67036BA38700000103,
				150F2B68036BA38700000103,
				150F2B69036BA38700000103,
				150F2B6A036BA38700000103,
			);
			isa = PBXGroup;
			path = firmdl;
			refType = 4;
		};
		150F2B5A036BA38700000103 = {
			fileEncoding = 4;
			isa = PBXFileReference;
			path = dump.c;
			refType = 4;
		};
		150F2B5B036BA38700000103 = {
			fileEncoding = 4;
			isa = PBXFileReference;
			path = fastdl.h;
			refType = 4;
		};
		150F2B5C036BA38700000103 = {
			fileEncoding = 4;
			isa = PBXFileReference;
			path = fastdl.s;
			refType = 4;
		};
		150F2B5D036BA38700000103 = {
			fileEncoding = 4;
			isa = PBXFileReference;
			path = fastdl.srec;
			refType = 4;
		};
		150F2B5E036BA38700000103 = {
			fileEncoding = 4;
			isa = PBXFileReference;
			path = firmdl.c;
			refType = 4;
		};
		150F2B5F036BA38700000103 = {
			fileEncoding = 4;
			isa = PBXFileReference;
			path = LICENSE;
			refType = 4;
		};
		150F2B60036BA38700000103 = {
			fileEncoding = 4;
			isa = PBXFileReference;
			path = Makefile;
			refType = 4;
		};
		150F2B61036BA38700000103 = {
			fileEncoding = 4;
			isa = PBXFileReference;
			path = mkimg.c;
			refType = 4;
		};
		150F2B62036BA38700000103 = {
			fileEncoding = 4;
			isa = PBXFileReference;
			path = osx_usb.c;
			refType = 4;
		};
		150F2B63036BA38700000103 = {
			fileEncoding = 4;
			isa = PBXFileReference;
			path = osx_usb.h;
			refType = 4;
		};
		150F2B64036BA38700000103 = {
			fileEncoding = 4;
			isa = PBXFileReference;
			path = rcx_comm.c;
			refType = 4;
		};
		150F2B65036BA38700000103 = {
			fileEncoding = 4;
			isa = PBXFileReference;
			path = rcx_comm.h;
			refType = 4;
		};
		150F2B66036BA38700000103 = {
			fileEncoding = 4;
			isa = PBXFileReference;
			path = README;
			refType = 4;
		};
		150F2B67036BA38700000103 = {
			fileEncoding = 4;
			isa = PBXFileReference;
			path = srec.c;
			refType = 4;
		};
		150F2B68036BA38700000103 = {
			fileEncoding = 4;
			isa = PBXFileReference;
			path = srec.h;
			refType = 4;
		};
		150F2B69036BA38700000103 = {
			fileEncoding = 4;
			isa = PBXFileReference;
			path = util.c;
			refType = 4;
		};
		150F2B6A036BA38700000103 = {
			fileEncoding = 4;
			isa = PBXFileReference;
			path = util.h;
			refType = 4;
		};
		150F2B71036BA38700000103 = {
			fileEncoding = 4;
			isa = PBXFileReference;
			path = javaexec.c;
			refType = 4;
		};
		150F2B72036BA38700000103 = {
			fileEncoding = 4;
			isa = PBXFileReference;
			path = jtoolexec.c;
			refType = 4;
		};
		150F2B73036BA38700000103 = {
			fileEncoding = 4;
			isa = PBXFileReference;
			path = lejosrun.c;
			refType = 4;
		};
		150F2B74036BA38700000103 = {
			fileEncoding = 4;
			isa = PBXFileReference;
			path = Makefile;
			refType = 4;
		};
		150F2B75036BA38700000103 = {
			fileEncoding = 4;
			isa = PBXFileReference;
			path = tvm.c;
			refType = 4;
		};
		150F2B76036BA38700000103 = {
			fileEncoding = 4;
			isa = PBXFileReference;
			path = tvm_firmdl3.c;
			refType = 4;
		};
		150F2B77036BA38700000103 = {
			fileEncoding = 4;
			isa = PBXFileReference;
			path = util.c;
			refType = 4;
		};
		150F2B78036BA38700000103 = {
			fileEncoding = 4;
			isa = PBXFileReference;
			path = util.h;
			refType = 4;
		};
		150F2B79036BA38700000103 = {
			children = (
				150F2B7A036BA38700000103,
				150F2B7B036BA38700000103,
				150F2B7C036BA38700000103,
				150F2B7D036BA38700000103,
				150F2B7E036BA38700000103,
				150F2B7F036BA38700000103,
				150F2B80036BA38700000103,
				150F2B81036BA38700000103,
				150F2B82036BA38700000103,
				150F2B83036BA38700000103,
				150F2B84036BA38700000103,
				150F2B85036BA38700000103,
				150F2B86036BA38700000103,
				150F2B87036BA38700000103,
				150F2B88036BA38700000103,
				150F2B89036BA38700000103,
			);
			isa = PBXGroup;
			path = unix_impl;
			refType = 4;
		};
		150F2B7A036BA38700000103 = {
			fileEncoding = 4;
			isa = PBXFileReference;
			path = dump.c;
			refType = 4;
		};
		150F2B7B036BA38700000103 = {
			fileEncoding = 4;
			isa = PBXFileReference;
			path = dump_config.c;
			refType = 4;
		};
		150F2B7C036BA38700000103 = {
			fileEncoding = 4;
			isa = PBXFileReference;
			path = load.c;
			refType = 4;
		};
		150F2B7D036BA38700000103 = {
			fileEncoding = 4;
			isa = PBXFileReference;
			path = load.h;
			refType = 4;
		};
		150F2B7E036BA38700000103 = {
			fileEncoding = 4;
			isa = PBXFileReference;
			path = Makefile;
			refType = 4;
		};
		150F2B7F036BA38700000103 = {
			fileEncoding = 4;
			isa = PBXFileReference;
			path = nativeemul.c;
			refType = 4;
		};
		150F2B80036BA38700000103 = {
			fileEncoding = 4;
			isa = PBXFileReference;
			path = opcodeinfo.c;
			refType = 4;
		};
		150F2B81036BA38700000103 = {
			fileEncoding = 4;
			isa = PBXFileReference;
			path = platform_config.h;
			refType = 4;
		};
		150F2B82036BA38700000103 = {
			fileEncoding = 4;
			isa = PBXFileReference;
			path = platform_hooks.h;
			refType = 4;
		};
		150F2B83036BA38700000103 = {
			fileEncoding = 4;
			isa = PBXFileReference;
			path = README;
			refType = 4;
		};
		150F2B84036BA38700000103 = {
			fileEncoding = 4;
			isa = PBXFileReference;
			path = sensors.c;
			refType = 4;
		};
		150F2B85036BA38700000103 = {
			fileEncoding = 4;
			isa = PBXFileReference;
			path = sensors.h;
			refType = 4;
		};
		150F2B86036BA38700000103 = {
			fileEncoding = 4;
			isa = PBXFileReference;
			path = systime.h;
			refType = 4;
		};
		150F2B87036BA38700000103 = {
			fileEncoding = 4;
			isa = PBXFileReference;
			path = traceemul.c;
			refType = 4;
		};
		150F2B88036BA38700000103 = {
			fileEncoding = 4;
			isa = PBXFileReference;
			path = tvmemul.c;
			refType = 4;
		};
		150F2B89036BA38700000103 = {
			fileEncoding = 4;
			isa = PBXFileReference;
			path = verbose.c;
			refType = 4;
		};
		150F2B8A036BA38700000103 = {
			fileEncoding = 4;
			isa = PBXFileReference;
			path = VERSION;
			refType = 4;
		};
		150F2B8B036BA38700000103 = {
			children = (
				150F2B8C036BA38700000103,
				150F2B8D036BA38700000103,
				150F2B8E036BA38700000103,
				150F2B8F036BA38700000103,
				150F2B90036BA38700000103,
				150F2B91036BA38700000103,
				150F2B92036BA38700000103,
				150F2B93036BA38700000103,
				150F2B94036BA38700000103,
				150F2B95036BA38700000103,
				150F2B96036BA38700000103,
				150F2B97036BA38700000103,
				150F2B98036BA38700000103,
				150F2B99036BA38700000103,
				150F2B9A036BA38700000103,
				150F2B9B036BA38700000103,
				150F2B9C036BA38700000103,
				150F2B9D036BA38700000103,
				150F2B9E036BA38700000103,
				150F2B9F036BA38700000103,
				150F2BA0036BA38700000103,
				150F2BA1036BA38700000103,
				150F2BA2036BA38700000103,
				150F2BA3036BA38700000103,
				150F2BA4036BA38700000103,
				150F2BA5036BA38700000103,
				150F2BA6036BA38700000103,
				150F2BA7036BA38700000103,
				150F2BA8036BA38700000103,
				150F2BA9036BA38700000103,
				150F2BAA036BA38700000103,
				150F2BAB036BA38700000103,
				150F2BAC036BA38700000103,
				150F2BAD036BA38700000103,
				150F2BAE036BA38700000103,
				150F2BAF036BA38700000103,
				150F2BB0036BA38700000103,
			);
			isa = PBXGroup;
			path = vmsrc;
			refType = 4;
		};
		150F2B8C036BA38700000103 = {
			fileEncoding = 4;
			isa = PBXFileReference;
			path = classes.h;
			refType = 4;
		};
		150F2B8D036BA38700000103 = {
			fileEncoding = 4;
			isa = PBXFileReference;
			path = configure.h;
			refType = 4;
		};
		150F2B8E036BA38700000103 = {
			fileEncoding = 4;
			isa = PBXFileReference;
			path = constants.h;
			refType = 4;
		};
		150F2B8F036BA38700000103 = {
			fileEncoding = 4;
			isa = PBXFileReference;
			path = exceptions.c;
			refType = 4;
		};
		150F2B90036BA38700000103 = {
			fileEncoding = 4;
			isa = PBXFileReference;
			path = exceptions.h;
			refType = 4;
		};
		150F2B91036BA38700000103 = {
			fileEncoding = 4;
			isa = PBXFileReference;
			path = fields.h;
			refType = 4;
		};
		150F2B92036BA38700000103 = {
			fileEncoding = 4;
			isa = PBXFileReference;
			path = gc.c;
			refType = 4;
		};
		150F2B93036BA38700000103 = {
			fileEncoding = 4;
			isa = PBXFileReference;
			path = interpreter.c;
			refType = 4;
		};
		150F2B94036BA38700000103 = {
			fileEncoding = 4;
			isa = PBXFileReference;
			path = interpreter.h;
			refType = 4;
		};
		150F2B95036BA38700000103 = {
			fileEncoding = 4;
			isa = PBXFileReference;
			path = language.c;
			refType = 4;
		};
		150F2B96036BA38700000103 = {
			fileEncoding = 4;
			isa = PBXFileReference;
			path = language.h;
			refType = 4;
		};
		150F2B97036BA38700000103 = {
			fileEncoding = 4;
			isa = PBXFileReference;
			path = limits.h;
			refType = 4;
		};
		150F2B98036BA38700000103 = {
			fileEncoding = 4;
			isa = PBXFileReference;
			path = magic.h;
			refType = 4;
		};
		150F2B99036BA38700000103 = {
			fileEncoding = 4;
			isa = PBXFileReference;
			path = Makefile.include;
			refType = 4;
		};
		150F2B9A036BA38700000103 = {
			fileEncoding = 4;
			isa = PBXFileReference;
			path = memory.c;
			refType = 4;
		};
		150F2B9B036BA38700000103 = {
			fileEncoding = 4;
			isa = PBXFileReference;
			path = memory.h;
			refType = 4;
		};
		150F2B9C036BA38700000103 = {
			fileEncoding = 4;
			isa = PBXFileReference;
			path = opcodes.h;
			refType = 4;
		};
		150F2B9D036BA38700000103 = {
			fileEncoding = 4;
			isa = PBXFileReference;
			path = op_arithmetic.hc;
			refType = 4;
		};
		150F2B9E036BA38700000103 = {
			fileEncoding = 4;
			isa = PBXFileReference;
			path = op_arrays.hc;
			refType = 4;
		};
		150F2B9F036BA38700000103 = {
			fileEncoding = 4;
			isa = PBXFileReference;
			path = op_control.hc;
			refType = 4;
		};
		150F2BA0036BA38700000103 = {
			fileEncoding = 4;
			isa = PBXFileReference;
			path = op_conversions.hc;
			refType = 4;
		};
		150F2BA1036BA38700000103 = {
			fileEncoding = 4;
			isa = PBXFileReference;
			path = op_locals.hc;
			refType = 4;
		};
		150F2BA2036BA38700000103 = {
			fileEncoding = 4;
			isa = PBXFileReference;
			path = op_logical.hc;
			refType = 4;
		};
		150F2BA3036BA38700000103 = {
			fileEncoding = 4;
			isa = PBXFileReference;
			path = op_methods.hc;
			refType = 4;
		};
		150F2BA4036BA38700000103 = {
			fileEncoding = 4;
			isa = PBXFileReference;
			path = op_objects.hc;
			refType = 4;
		};
		150F2BA5036BA38700000103 = {
			fileEncoding = 4;
			isa = PBXFileReference;
			path = op_other.hc;
			refType = 4;
		};
		150F2BA6036BA38700000103 = {
			fileEncoding = 4;
			isa = PBXFileReference;
			path = op_skip.hc;
			refType = 4;
		};
		150F2BA7036BA38700000103 = {
			fileEncoding = 4;
			isa = PBXFileReference;
			path = op_stack.hc;
			refType = 4;
		};
		150F2BA8036BA38700000103 = {
			fileEncoding = 4;
			isa = PBXFileReference;
			path = poll.c;
			refType = 4;
		};
		150F2BA9036BA38700000103 = {
			fileEncoding = 4;
			isa = PBXFileReference;
			path = poll.h;
			refType = 4;
		};
		150F2BAA036BA38700000103 = {
			fileEncoding = 4;
			isa = PBXFileReference;
			path = specialclasses.h;
			refType = 4;
		};
		150F2BAB036BA38700000103 = {
			fileEncoding = 4;
			isa = PBXFileReference;
			path = specialsignatures.h;
			refType = 4;
		};
		150F2BAC036BA38700000103 = {
			fileEncoding = 4;
			isa = PBXFileReference;
			path = stack.h;
			refType = 4;
		};
		150F2BAD036BA38700000103 = {
			fileEncoding = 4;
			isa = PBXFileReference;
			path = threads.c;
			refType = 4;
		};
		150F2BAE036BA38700000103 = {
			fileEncoding = 4;
			isa = PBXFileReference;
			path = threads.h;
			refType = 4;
		};
		150F2BAF036BA38700000103 = {
			fileEncoding = 4;
			isa = PBXFileReference;
			path = trace.h;
			refType = 4;
		};
		150F2BB0036BA38700000103 = {
			fileEncoding = 4;
			isa = PBXFileReference;
			path = types.h;
			refType = 4;
		};
		150F2BB1036BA40700000103 = {
			children = (
				150F2B8A036BA38700000103,
				150F2B56036BA38700000103,
				150F2B57036BA38700000103,
				150F2939036BA38300000103,
				150F29B3036BA38400000103,
				150F2AA1036BA38600000103,
				150F2B1F036BA38600000103,
				150F2B20036BA38600000103,
			);
			isa = PBXGroup;
			name = "Info+ReadMe";
			refType = 4;
		};
	};
	rootObject = 1504B0E7036BA28000000103;
}
